// !$*UTF8*$!
{
	archiveVersion = 1;
	classes = {
	};
	objectVersion = 56;
	objects = {

/* Begin PBXBuildFile section */
		1E7D4C19AB516866328F9703 /* OmicsViewModel.swift in Sources */ = {isa = PBXBuildFile; fileRef = 902B40A9AE1B0A44261BAF6B /* OmicsViewModel.swift */; };
		21DB0F162F7AE8590089FD02 /* OmicsViewModel.swift in Sources */ = {isa = PBXBuildFile; fileRef = 21DB0F152F7AE8580089FD02 /* OmicsViewModel.swift */; };
		21DB0F182F7AE8930089FD02 /* AdminViewModel.swift in Sources */ = {isa = PBXBuildFile; fileRef = 21DB0F172F7AE8930089FD02 /* AdminViewModel.swift */; };
		2BAF4CD39AEBF59145C3B727 /* AdminView.swift in Sources */ = {isa = PBXBuildFile; fileRef = EC54489E8651D647068A1AF4 /* AdminView.swift */; };
		7A6A43569680FCEDA15B8D21 /* AdminViewModel.swift in Sources */ = {isa = PBXBuildFile; fileRef = A5004E33AC1469707293AEAC /* AdminViewModel.swift */; };
		'A10001' = {isa = PBXBuildFile; fileRef = B10001; };
		'A10002' = {isa = PBXBuildFile; fileRef = B10002; };
		'A10003' = {isa = PBXBuildFile; fileRef = B10003; };
		'A10004' = {isa = PBXBuildFile; fileRef = B10004; };
		'A10005' = {isa = PBXBuildFile; fileRef = B10005; };
		'A10006' = {isa = PBXBuildFile; fileRef = B10006; };
		'A10007' = {isa = PBXBuildFile; fileRef = B10007; };
		'A10008' = {isa = PBXBuildFile; fileRef = B10008; };
		'A10009' = {isa = PBXBuildFile; fileRef = B10009; };
		'A10010' = {isa = PBXBuildFile; fileRef = B10010; };
		'A10011' = {isa = PBXBuildFile; fileRef = B10011; };
		'A10012' = {isa = PBXBuildFile; fileRef = B10012; };
		'A10013' = {isa = PBXBuildFile; fileRef = B10013; };
		'A10014' = {isa = PBXBuildFile; fileRef = B10014; };
		'A10015' = {isa = PBXBuildFile; fileRef = B10015; };
		'A10016' = {isa = PBXBuildFile; fileRef = B10016; };
		'A10017' = {isa = PBXBuildFile; fileRef = B10017; };
		'A10018' = {isa = PBXBuildFile; fileRef = B10018; };
		'A10019' = {isa = PBXBuildFile; fileRef = B10019; };
		'A10020' = {isa = PBXBuildFile; fileRef = B10020; };
		'A10022' = {isa = PBXBuildFile; fileRef = B10022; };
		'A10023' = {isa = PBXBuildFile; fileRef = B10023; };
		'A10024' = {isa = PBXBuildFile; fileRef = B10024; };
		'A10025' = {isa = PBXBuildFile; fileRef = B10025; };
		'A10026' = {isa = PBXBuildFile; fileRef = B10026; };
		'A10027' = {isa = PBXBuildFile; fileRef = B10027; };
		'A10028' = {isa = PBXBuildFile; fileRef = B10028; };
		'A10029' = {isa = PBXBuildFile; fileRef = B10029; };
		'A10030' = {isa = PBXBuildFile; fileRef = B10030; };
		'A10031' = {isa = PBXBuildFile; fileRef = B10031; };
		'A10032' = {isa = PBXBuildFile; fileRef = B10032; };
		'A10033' = {isa = PBXBuildFile; fileRef = B10033; };
		'A10034' = {isa = PBXBuildFile; fileRef = B10034; };
		'A10035' = {isa = PBXBuildFile; fileRef = B10035; };
		'A10036' = {isa = PBXBuildFile; fileRef = B10036; };
		'A10037' = {isa = PBXBuildFile; fileRef = B10037; };
		'A10038' = {isa = PBXBuildFile; fileRef = B10038; };
		'A10039' = {isa = PBXBuildFile; fileRef = B10039; };
		'A10040' = {isa = PBXBuildFile; fileRef = B10040; };
		'A10041' = {isa = PBXBuildFile; fileRef = B10041; };
		'A10042' = {isa = PBXBuildFile; fileRef = B10042; };
		'A10050' = {isa = PBXBuildFile; fileRef = B10050; };
		'A10051' = {isa = PBXBuildFile; fileRef = B10051; };
		'A10052' = {isa = PBXBuildFile; fileRef = B10052; };
		'A10053' = {isa = PBXBuildFile; fileRef = B10053; };
		'A10054' = {isa = PBXBuildFile; fileRef = B10054; };
		'A10055' = {isa = PBXBuildFile; fileRef = B10055; };
		'A10056' = {isa = PBXBuildFile; fileRef = B10056; };
		'A10057' = {isa = PBXBuildFile; fileRef = B10057; };
		'A10058' = {isa = PBXBuildFile; fileRef = B10058; };
		'A10059' = {isa = PBXBuildFile; fileRef = B10059; };
		'A10060' = {isa = PBXBuildFile; fileRef = B10060; };
		'A10061' = {isa = PBXBuildFile; fileRef = B10061; };
		'A10062' = {isa = PBXBuildFile; fileRef = B10062; };
		'A10063' = {isa = PBXBuildFile; fileRef = B10063; };
		'A10064' = {isa = PBXBuildFile; fileRef = E10040; };
		'A20001' = {isa = PBXBuildFile; fileRef = B20001; };
		'A20002' = {isa = PBXBuildFile; fileRef = B20002; };
		'A20003' = {isa = PBXBuildFile; fileRef = B20003; };
		'A20004' = {isa = PBXBuildFile; fileRef = B20004; };
		'A20005' = {isa = PBXBuildFile; fileRef = B20005; };
		'A20006' = {isa = PBXBuildFile; fileRef = B20006; };
		'A20007' = {isa = PBXBuildFile; fileRef = B20007; };
		AF1F40F78195A1B7A92830D2 /* AdminView.swift in Sources */ = {isa = PBXBuildFile; fileRef = EC54489E8651D647068A1AF4 /* AdminView.swift */; };
		'A10070' = {isa = PBXBuildFile; fileRef = B10070; };
		'A10071' = {isa = PBXBuildFile; fileRef = B10071; };
/* End PBXBuildFile section */

/* Begin PBXContainerItemProxy section */
		'J10001' = {
			isa = PBXContainerItemProxy;
			containerPortal = H10001;
			proxyType = 1;
			remoteGlobalIDString = F10001;
			remoteInfo = Xjie;
		};
/* End PBXContainerItemProxy section */

/* Begin PBXFileReference section */
		21DB0F152F7AE8580089FD02 /* OmicsViewModel.swift */ = {isa = PBXFileReference; lastKnownFileType = sourcecode.swift; path = OmicsViewModel.swift; sourceTree = "<group>"; };
		21DB0F172F7AE8930089FD02 /* AdminViewModel.swift */ = {isa = PBXFileReference; lastKnownFileType = sourcecode.swift; path = AdminViewModel.swift; sourceTree = "<group>"; };
		902B40A9AE1B0A44261BAF6B /* OmicsViewModel.swift */ = {isa = PBXFileReference; lastKnownFileType = sourcecode.swift; name = OmicsViewModel.swift; path = Xjie/ViewModels/OmicsViewModel.swift; sourceTree = SOURCE_ROOT; };
		A5004E33AC1469707293AEAC /* AdminViewModel.swift */ = {isa = PBXFileReference; lastKnownFileType = sourcecode.swift; name = AdminViewModel.swift; path = Xjie/ViewModels/AdminViewModel.swift; sourceTree = SOURCE_ROOT; };
		'B10001' = {isa = PBXFileReference; lastKnownFileType = sourcecode.swift; path = XjieApp.swift; sourceTree = "<group>"; };
		'B10002' = {isa = PBXFileReference; lastKnownFileType = sourcecode.swift; path = AuthManager.swift; sourceTree = "<group>"; };
		'B10003' = {isa = PBXFileReference; lastKnownFileType = sourcecode.swift; path = APIService.swift; sourceTree = "<group>"; };
		'B10004' = {isa = PBXFileReference; lastKnownFileType = sourcecode.swift; path = Models.swift; sourceTree = "<group>"; };
		'B10005' = {isa = PBXFileReference; lastKnownFileType = sourcecode.swift; path = Theme.swift; sourceTree = "<group>"; };
		'B10006' = {isa = PBXFileReference; lastKnownFileType = sourcecode.swift; path = Utils.swift; sourceTree = "<group>"; };
		'B10007' = {isa = PBXFileReference; lastKnownFileType = sourcecode.swift; path = MainTabView.swift; sourceTree = "<group>"; };
		'B10008' = {isa = PBXFileReference; lastKnownFileType = sourcecode.swift; path = HomeView.swift; sourceTree = "<group>"; };
		'B10009' = {isa = PBXFileReference; lastKnownFileType = sourcecode.swift; path = LoginView.swift; sourceTree = "<group>"; };
		'B10010' = {isa = PBXFileReference; lastKnownFileType = sourcecode.swift; path = GlucoseView.swift; sourceTree = "<group>"; };
		'B10011' = {isa = PBXFileReference; lastKnownFileType = sourcecode.swift; path = ChatView.swift; sourceTree = "<group>"; };
		'B10012' = {isa = PBXFileReference; lastKnownFileType = sourcecode.swift; path = HealthDataView.swift; sourceTree = "<group>"; };
		'B10013' = {isa = PBXFileReference; lastKnownFileType = sourcecode.swift; path = MedicalRecordViews.swift; sourceTree = "<group>"; };
		'B10014' = {isa = PBXFileReference; lastKnownFileType = sourcecode.swift; path = ExamReportViews.swift; sourceTree = "<group>"; };
		'B10015' = {isa = PBXFileReference; lastKnownFileType = sourcecode.swift; path = OmicsView.swift; sourceTree = "<group>"; };
		'B10016' = {isa = PBXFileReference; lastKnownFileType = sourcecode.swift; path = SettingsView.swift; sourceTree = "<group>"; };
		'B10017' = {isa = PBXFileReference; lastKnownFileType = sourcecode.swift; path = HealthView.swift; sourceTree = "<group>"; };
		'B10018' = {isa = PBXFileReference; lastKnownFileType = sourcecode.swift; path = MealsView.swift; sourceTree = "<group>"; };
		'B10019' = {isa = PBXFileReference; lastKnownFileType = folder.assetcatalog; path = Assets.xcassets; sourceTree = "<group>"; };
		'B10020' = {isa = PBXFileReference; lastKnownFileType = folder.assetcatalog; path = "Preview Assets.xcassets"; sourceTree = "<group>"; };
		'B10021' = {isa = PBXFileReference; lastKnownFileType = text.plist.xml; path = Info.plist; sourceTree = "<group>"; };
		'B10022' = {isa = PBXFileReference; lastKnownFileType = sourcecode.swift; path = APIServiceProtocol.swift; sourceTree = "<group>"; };
		'B10023' = {isa = PBXFileReference; lastKnownFileType = sourcecode.swift; path = Environment.swift; sourceTree = "<group>"; };
		'B10024' = {isa = PBXFileReference; lastKnownFileType = sourcecode.swift; path = AuthModels.swift; sourceTree = "<group>"; };
		'B10025' = {isa = PBXFileReference; lastKnownFileType = sourcecode.swift; path = GlucoseModels.swift; sourceTree = "<group>"; };
		'B10026' = {isa = PBXFileReference; lastKnownFileType = sourcecode.swift; path = MealModels.swift; sourceTree = "<group>"; };
		'B10027' = {isa = PBXFileReference; lastKnownFileType = sourcecode.swift; path = HealthModels.swift; sourceTree = "<group>"; };
		'B10028' = {isa = PBXFileReference; lastKnownFileType = sourcecode.swift; path = ChatModels.swift; sourceTree = "<group>"; };
		'B10029' = {isa = PBXFileReference; lastKnownFileType = sourcecode.swift; path = SettingsModels.swift; sourceTree = "<group>"; };
		'B10030' = {isa = PBXFileReference; lastKnownFileType = sourcecode.swift; path = KeychainHelper.swift; sourceTree = "<group>"; };
		'B10031' = {isa = PBXFileReference; lastKnownFileType = sourcecode.swift; path = MIMETypeHelper.swift; sourceTree = "<group>"; };
		'B10032' = {isa = PBXFileReference; lastKnownFileType = sourcecode.swift; path = HealthDataRepository.swift; sourceTree = "<group>"; };
		'B10033' = {isa = PBXFileReference; lastKnownFileType = sourcecode.swift; path = HomeViewModel.swift; sourceTree = "<group>"; };
		'B10034' = {isa = PBXFileReference; lastKnownFileType = sourcecode.swift; path = LoginViewModel.swift; sourceTree = "<group>"; };
		'B10035' = {isa = PBXFileReference; lastKnownFileType = sourcecode.swift; path = GlucoseViewModel.swift; sourceTree = "<group>"; };
		'B10036' = {isa = PBXFileReference; lastKnownFileType = sourcecode.swift; path = ChatViewModel.swift; sourceTree = "<group>"; };
		'B10037' = {isa = PBXFileReference; lastKnownFileType = sourcecode.swift; path = HealthDataViewModel.swift; sourceTree = "<group>"; };
		'B10038' = {isa = PBXFileReference; lastKnownFileType = sourcecode.swift; path = MedicalRecordViewModels.swift; sourceTree = "<group>"; };
		'B10039' = {isa = PBXFileReference; lastKnownFileType = sourcecode.swift; path = ExamReportViewModels.swift; sourceTree = "<group>"; };
		'B10040' = {isa = PBXFileReference; lastKnownFileType = sourcecode.swift; path = SettingsViewModel.swift; sourceTree = "<group>"; };
		'B10041' = {isa = PBXFileReference; lastKnownFileType = sourcecode.swift; path = HealthBriefViewModel.swift; sourceTree = "<group>"; };
		'B10042' = {isa = PBXFileReference; lastKnownFileType = sourcecode.swift; path = MealsViewModel.swift; sourceTree = "<group>"; };
		'B10050' = {isa = PBXFileReference; lastKnownFileType = sourcecode.swift; path = EmptyStateView.swift; sourceTree = "<group>"; };
		'B10051' = {isa = PBXFileReference; lastKnownFileType = sourcecode.swift; path = ErrorStateView.swift; sourceTree = "<group>"; };
		'B10052' = {isa = PBXFileReference; lastKnownFileType = sourcecode.swift; path = SplashView.swift; sourceTree = "<group>"; };
		'B10053' = {isa = PBXFileReference; lastKnownFileType = sourcecode.swift; path = ImageCacheManager.swift; sourceTree = "<group>"; };
		'B10054' = {isa = PBXFileReference; lastKnownFileType = sourcecode.swift; path = CachedAsyncImage.swift; sourceTree = "<group>"; };
		'B10055' = {isa = PBXFileReference; lastKnownFileType = sourcecode.swift; path = NetworkMonitor.swift; sourceTree = "<group>"; };
		'B10056' = {isa = PBXFileReference; lastKnownFileType = sourcecode.swift; path = OfflineCacheManager.swift; sourceTree = "<group>"; };
		'B10057' = {isa = PBXFileReference; lastKnownFileType = sourcecode.swift; path = AppLogger.swift; sourceTree = "<group>"; };
		'B10058' = {isa = PBXFileReference; lastKnownFileType = sourcecode.swift; path = CrashReporter.swift; sourceTree = "<group>"; };
		'B10059' = {isa = PBXFileReference; lastKnownFileType = sourcecode.swift; path = Constants.swift; sourceTree = "<group>"; };
		'B10060' = {isa = PBXFileReference; lastKnownFileType = sourcecode.swift; path = CSVTableView.swift; sourceTree = "<group>"; };
		'B10061' = {isa = PBXFileReference; lastKnownFileType = sourcecode.swift; path = DocumentTagView.swift; sourceTree = "<group>"; };
		'B10062' = {isa = PBXFileReference; lastKnownFileType = sourcecode.swift; path = MetricItemView.swift; sourceTree = "<group>"; };
		'B10063' = {isa = PBXFileReference; lastKnownFileType = text.xml; path = PrivacyInfo.xcprivacy; sourceTree = "<group>"; };
		'B10064' = {isa = PBXFileReference; lastKnownFileType = text.plist.strings; name = en; path = Resources/en.lproj/Localizable.strings; sourceTree = "<group>"; };
		'B10065' = {isa = PBXFileReference; lastKnownFileType = text.plist.strings; name = "zh-Hans"; path = "Resources/zh-Hans.lproj/Localizable.strings"; sourceTree = "<group>"; };
		'B20001' = {isa = PBXFileReference; lastKnownFileType = sourcecode.swift; path = MockAPIService.swift; sourceTree = "<group>"; };
		'B20002' = {isa = PBXFileReference; lastKnownFileType = sourcecode.swift; path = UtilsTests.swift; sourceTree = "<group>"; };
		'B20003' = {isa = PBXFileReference; lastKnownFileType = sourcecode.swift; path = ChatMessageTests.swift; sourceTree = "<group>"; };
		'B20004' = {isa = PBXFileReference; lastKnownFileType = sourcecode.swift; path = HomeViewModelTests.swift; sourceTree = "<group>"; };
		'B20005' = {isa = PBXFileReference; lastKnownFileType = sourcecode.swift; path = LoginViewModelTests.swift; sourceTree = "<group>"; };
		'B20006' = {isa = PBXFileReference; lastKnownFileType = sourcecode.swift; path = ChatViewModelTests.swift; sourceTree = "<group>"; };
		'B20007' = {isa = PBXFileReference; lastKnownFileType = sourcecode.swift; path = GlucoseViewModelTests.swift; sourceTree = "<group>"; };
		'C10001' = {isa = PBXFileReference; explicitFileType = wrapper.application; includeInIndex = 0; path = Xjie.app; sourceTree = BUILT_PRODUCTS_DIR; };
		'C20001' = {isa = PBXFileReference; explicitFileType = wrapper.cfbundle; includeInIndex = 0; path = XjieTests.xctest; sourceTree = BUILT_PRODUCTS_DIR; };
		EC54489E8651D647068A1AF4 /* AdminView.swift */ = {isa = PBXFileReference; lastKnownFileType = sourcecode.swift; name = AdminView.swift; path = Xjie/Views/Admin/AdminView.swift; sourceTree = SOURCE_ROOT; };
		'B10070' = {isa = PBXFileReference; lastKnownFileType = sourcecode.swift; path = PushNotificationManager.swift; sourceTree = "<group>"; };
		'B10071' = {isa = PBXFileReference; lastKnownFileType = sourcecode.swift; path = AppDelegate.swift; sourceTree = "<group>"; };
/* End PBXFileReference section */

/* Begin PBXFrameworksBuildPhase section */
		'D10001' = {
			isa = PBXFrameworksBuildPhase;
			buildActionMask = 2147483647;
			files = (
			);
			runOnlyForDeploymentPostprocessing = 0;
		};
		'D20001' = {
			isa = PBXFrameworksBuildPhase;
			buildActionMask = 2147483647;
			files = (
			);
			runOnlyForDeploymentPostprocessing = 0;
		};
/* End PBXFrameworksBuildPhase section */

/* Begin PBXGroup section */
		21DB0F192F7AE9A10089FD02 /* Admin 2 */ = {
			isa = PBXGroup;
			children = (
			);
			path = "Admin 2";
			sourceTree = "<group>";
		};
		'E10001' = {
			isa = PBXGroup;
			children = (
				E10002,
				E20001,
				E10099,
				902B40A9AE1B0A44261BAF6B /* OmicsViewModel.swift */,
				A5004E33AC1469707293AEAC /* AdminViewModel.swift */,
				EC54489E8651D647068A1AF4 /* AdminView.swift */,
			);
			sourceTree = "<group>";
		};
		'E10002' = {
			isa = PBXGroup;
			children = (
				E10003,
				E10004,
				E10005,
				E10006,
				E10021,
				E10022,
				E10007,
				B10063,
				E10040,
				B10021,
				B10019,
				E10098,
			);
			path = Xjie;
			sourceTree = "<group>";
		};
		'E10003' = {
			isa = PBXGroup;
			children = (
				B10001,
				B10071,
			);
			path = App;
			sourceTree = "<group>";
		};
		'E10004' = {
			isa = PBXGroup;
			children = (
				B10004,
				B10024,
				B10025,
				B10026,
				B10027,
				B10028,
				B10029,
			);
			path = Models;
			sourceTree = "<group>";
		};
		'E10005' = {
			isa = PBXGroup;
			children = (
				B10002,
				B10003,
				B10022,
				B10023,
				B10070,
			);
			path = Services;
			sourceTree = "<group>";
		};
		'E10006' = {
			isa = PBXGroup;
			children = (
				B10005,
				B10006,
				B10030,
				B10031,
				B10053,
				B10055,
				B10056,
				B10057,
				B10058,
				B10059,
			);
			path = Utils;
			sourceTree = "<group>";
		};
		'E10007' = {
			isa = PBXGroup;
			children = (
				E10010,
				E10011,
				E10012,
				E10013,
				E10014,
				E10015,
				E10016,
				E10017,
				E10018,
				E10019,
				E10020,
				E10030,
				E10031,
				21DB0F192F7AE9A10089FD02 /* Admin 2 */,
			);
			path = Views;
			sourceTree = "<group>";
		};
		'E10010' = {
			isa = PBXGroup;
			children = (
				B10007,
				B10008,
			);
			path = Home;
			sourceTree = "<group>";
		};
		'E10011' = {
			isa = PBXGroup;
			children = (
				B10009,
			);
			path = Login;
			sourceTree = "<group>";
		};
		'E10012' = {
			isa = PBXGroup;
			children = (
				B10010,
			);
			path = Glucose;
			sourceTree = "<group>";
		};
		'E10013' = {
			isa = PBXGroup;
			children = (
				B10011,
			);
			path = Chat;
			sourceTree = "<group>";
		};
		'E10014' = {
			isa = PBXGroup;
			children = (
				B10012,
			);
			path = HealthData;
			sourceTree = "<group>";
		};
		'E10015' = {
			isa = PBXGroup;
			children = (
				B10013,
			);
			path = MedicalRecords;
			sourceTree = "<group>";
		};
		'E10016' = {
			isa = PBXGroup;
			children = (
				B10014,
			);
			path = ExamReports;
			sourceTree = "<group>";
		};
		'E10017' = {
			isa = PBXGroup;
			children = (
				B10015,
			);
			path = Omics;
			sourceTree = "<group>";
		};
		'E10018' = {
			isa = PBXGroup;
			children = (
				B10016,
			);
			path = Settings;
			sourceTree = "<group>";
		};
		'E10019' = {
			isa = PBXGroup;
			children = (
				B10017,
			);
			path = Health;
			sourceTree = "<group>";
		};
		'E10020' = {
			isa = PBXGroup;
			children = (
				B10018,
			);
			path = Meals;
			sourceTree = "<group>";
		};
		'E10021' = {
			isa = PBXGroup;
			children = (
				B10033,
				B10034,
				B10035,
				B10036,
				B10037,
				B10038,
				B10039,
				B10040,
				B10041,
				B10042,
				21DB0F152F7AE8580089FD02 /* OmicsViewModel.swift */,
				21DB0F172F7AE8930089FD02 /* AdminViewModel.swift */,
			);
			path = ViewModels;
			sourceTree = "<group>";
		};
		'E10022' = {
			isa = PBXGroup;
			children = (
				B10032,
			);
			path = Repositories;
			sourceTree = "<group>";
		};
		'E10030' = {
			isa = PBXGroup;
			children = (
				B10050,
				B10051,
				B10052,
				B10054,
			);
			path = Components;
			sourceTree = "<group>";
		};
		'E10031' = {
			isa = PBXGroup;
			children = (
				B10060,
				B10061,
				B10062,
			);
			path = Shared;
			sourceTree = "<group>";
		};
		'E10098' = {
			isa = PBXGroup;
			children = (
				B10020,
			);
			path = "Preview Content";
			sourceTree = "<group>";
		};
		'E10099' = {
			isa = PBXGroup;
			children = (
				C10001,
				C20001,
			);
			name = Products;
			sourceTree = "<group>";
		};
		'E20001' = {
			isa = PBXGroup;
			children = (
				B20001,
				B20002,
				B20003,
				B20004,
				B20005,
				B20006,
				B20007,
			);
			path = XjieTests;
			sourceTree = "<group>";
		};
/* End PBXGroup section */

/* Begin PBXNativeTarget section */
		'F10001' = {
			isa = PBXNativeTarget;
			buildConfigurationList = G10003;
			buildPhases = (
				F10002,
				D10001,
				F10003,
			);
			buildRules = (
			);
			dependencies = (
			);
			name = Xjie;
			productName = Xjie;
			productReference = C10001;
			productType = "com.apple.product-type.application";
		};
		'F20001' = {
			isa = PBXNativeTarget;
			buildConfigurationList = G20003;
			buildPhases = (
				F20002,
				D20001,
			);
			buildRules = (
			);
			dependencies = (
				K10001,
			);
			name = XjieTests;
			productName = XjieTests;
			productReference = C20001;
			productType = "com.apple.product-type.bundle.unit-test";
		};
/* End PBXNativeTarget section */

/* Begin PBXProject section */
		'H10001' = {
			isa = PBXProject;
			attributes = {
				BuildIndependentTargetsInParallel = 1;
				LastSwiftUpdateCheck = 1540;
				LastUpgradeCheck = 1540;
				TargetAttributes = {
					F10001 = {
						CreatedOnToolsVersion = 15.4;
					};
					F20001 = {
						CreatedOnToolsVersion = 15.4;
						TestTargetID = F10001;
					};
				};
			};
			buildConfigurationList = G10001;
			compatibilityVersion = "Xcode 14.0";
			developmentRegion = "zh-Hans";
			hasScannedForEncodings = 0;
			knownRegions = (
				en,
				"zh-Hans",
				Base,
			);
			mainGroup = E10001;
			productRefGroup = E10099;
			projectDirPath = "";
			projectRoot = "";
			targets = (
				F10001,
				F20001,
			);
		};
/* End PBXProject section */

/* Begin PBXResourcesBuildPhase section */
		'F10003' = {
			isa = PBXResourcesBuildPhase;
			buildActionMask = 2147483647;
			files = (
				A10019,
				A10020,
				A10063,
				A10064,
			);
			runOnlyForDeploymentPostprocessing = 0;
		};
/* End PBXResourcesBuildPhase section */

/* Begin PBXSourcesBuildPhase section */
		'F10002' = {
			isa = PBXSourcesBuildPhase;
			buildActionMask = 2147483647;
			files = (
				A10001,
				A10002,
				A10003,
				A10004,
				A10005,
				A10006,
				A10007,
				A10008,
				A10009,
				A10010,
				A10011,
				A10012,
				A10013,
				A10014,
				A10015,
				A10016,
				A10017,
				A10018,
				A10022,
				A10023,
				A10024,
				A10025,
				A10026,
				A10027,
				A10028,
				A10029,
				A10030,
				A10031,
				A10032,
				A10033,
				A10034,
				21DB0F162F7AE8590089FD02 /* OmicsViewModel.swift in Sources */,
				A10035,
				A10036,
				A10037,
				A10038,
				A10039,
				A10040,
				A10041,
				A10042,
				A10050,
				A10051,
				A10052,
				A10053,
				A10054,
				A10055,
				A10056,
				A10057,
				21DB0F182F7AE8930089FD02 /* AdminViewModel.swift in Sources */,
				A10058,
				A10059,
				A10060,
				A10061,
				A10062,
				AF1F40F78195A1B7A92830D2 /* AdminView.swift in Sources */,
				'A10070',
				'A10071',
			);
			runOnlyForDeploymentPostprocessing = 0;
		};
		'F20002' = {
			isa = PBXSourcesBuildPhase;
			buildActionMask = 2147483647;
			files = (
				A20001,
				A20002,
				A20003,
				A20004,
				A20005,
				A20006,
				A20007,
				1E7D4C19AB516866328F9703 /* OmicsViewModel.swift in Sources */,
				7A6A43569680FCEDA15B8D21 /* AdminViewModel.swift in Sources */,
				2BAF4CD39AEBF59145C3B727 /* AdminView.swift in Sources */,
			);
			runOnlyForDeploymentPostprocessing = 0;
		};
/* End PBXSourcesBuildPhase section */

/* Begin PBXTargetDependency section */
		'K10001' = {
			isa = PBXTargetDependency;
			target = F10001;
			targetProxy = J10001;
		};
/* End PBXTargetDependency section */

/* Begin PBXVariantGroup section */
		'E10040' = {
			isa = PBXVariantGroup;
			children = (
				B10064,
				B10065,
			);
			name = Localizable.strings;
			sourceTree = "<group>";
		};
/* End PBXVariantGroup section */

/* Begin XCBuildConfiguration section */
		'G10002' = {
			isa = XCBuildConfiguration;
			buildSettings = {
				ALWAYS_SEARCH_USER_PATHS = NO;
				ASSETCATALOG_COMPILER_GENERATE_SWIFT_ASSET_SYMBOL_EXTENSIONS = YES;
				CLANG_ANALYZER_NONNULL = YES;
				CLANG_ANALYZER_NUMBER_OBJECT_CONVERSION = YES_AGGRESSIVE;
				CLANG_CXX_LANGUAGE_STANDARD = "gnu++20";
				CLANG_ENABLE_MODULES = YES;
				CLANG_ENABLE_OBJC_ARC = YES;
				CLANG_ENABLE_OBJC_WEAK = YES;
				CLANG_WARN_BLOCK_CAPTURE_AUTORELEASING = YES;
				CLANG_WARN_BOOL_CONVERSION = YES;
				CLANG_WARN_COMMA = YES;
				CLANG_WARN_CONSTANT_CONVERSION = YES;
				CLANG_WARN_DEPRECATED_OBJC_IMPLEMENTATIONS = YES;
				CLANG_WARN_DIRECT_OBJC_ISA_USAGE = YES_ERROR;
				CLANG_WARN_DOCUMENTATION_COMMENTS = YES;
				CLANG_WARN_EMPTY_BODY = YES;
				CLANG_WARN_ENUM_CONVERSION = YES;
				CLANG_WARN_INFINITE_RECURSION = YES;
				CLANG_WARN_INT_CONVERSION = YES;
				CLANG_WARN_NON_LITERAL_NULL_CONVERSION = YES;
				CLANG_WARN_OBJC_IMPLICIT_RETAIN_SELF = YES;
				CLANG_WARN_OBJC_LITERAL_CONVERSION = YES;
				CLANG_WARN_OBJC_ROOT_CLASS = YES_ERROR;
				CLANG_WARN_QUOTED_INCLUDE_IN_FRAMEWORK_HEADER = YES;
				CLANG_WARN_RANGE_LOOP_ANALYSIS = YES;
				CLANG_WARN_STRICT_PROTOTYPES = YES;
				CLANG_WARN_SUSPICIOUS_MOVE = YES;
				CLANG_WARN_UNGUARDED_AVAILABILITY = YES_AGGRESSIVE;
				CLANG_WARN_UNREACHABLE_CODE = YES;
				CLANG_WARN__DUPLICATE_METHOD_MATCH = YES;
				COPY_PHASE_STRIP = NO;
				DEBUG_INFORMATION_FORMAT = dwarf;
				ENABLE_STRICT_OBJC_MSGSEND = YES;
				ENABLE_TESTABILITY = YES;
				ENABLE_USER_SCRIPT_SANDBOXING = YES;
				GCC_C_LANGUAGE_STANDARD = gnu17;
				GCC_DYNAMIC_NO_PIC = NO;
				GCC_NO_COMMON_BLOCKS = YES;
				GCC_OPTIMIZATION_LEVEL = 0;
				GCC_PREPROCESSOR_DEFINITIONS = (
					"DEBUG=1",
					"$(inherited)",
				);
				GCC_WARN_64_TO_32_BIT_CONVERSION = YES;
				GCC_WARN_ABOUT_RETURN_TYPE = YES_ERROR;
				GCC_WARN_UNDECLARED_SELECTOR = YES;
				GCC_WARN_UNINITIALIZED_AUTOS = YES_AGGRESSIVE;
				GCC_WARN_UNUSED_FUNCTION = YES;
				GCC_WARN_UNUSED_VARIABLE = YES;
				IPHONEOS_DEPLOYMENT_TARGET = 17.0;
				LOCALIZATION_PREFERS_STRING_CATALOGS = YES;
				MTL_ENABLE_DEBUG_INFO = INCLUDE_SOURCE;
				MTL_FAST_MATH = YES;
				ONLY_ACTIVE_ARCH = YES;
				SDKROOT = iphoneos;
				SWIFT_ACTIVE_COMPILATION_CONDITIONS = "DEBUG $(inherited)";
				SWIFT_OPTIMIZATION_LEVEL = "-Onone";
			};
			name = Debug;
		};
		'G10004' = {
			isa = XCBuildConfiguration;
			buildSettings = {
				ALWAYS_SEARCH_USER_PATHS = NO;
				ASSETCATALOG_COMPILER_GENERATE_SWIFT_ASSET_SYMBOL_EXTENSIONS = YES;
				CLANG_ANALYZER_NONNULL = YES;
				CLANG_ANALYZER_NUMBER_OBJECT_CONVERSION = YES_AGGRESSIVE;
				CLANG_CXX_LANGUAGE_STANDARD = "gnu++20";
				CLANG_ENABLE_MODULES = YES;
				CLANG_ENABLE_OBJC_ARC = YES;
				CLANG_ENABLE_OBJC_WEAK = YES;
				CLANG_WARN_BLOCK_CAPTURE_AUTORELEASING = YES;
				CLANG_WARN_BOOL_CONVERSION = YES;
				CLANG_WARN_COMMA = YES;
				CLANG_WARN_CONSTANT_CONVERSION = YES;
				CLANG_WARN_DEPRECATED_OBJC_IMPLEMENTATIONS = YES;
				CLANG_WARN_DIRECT_OBJC_ISA_USAGE = YES_ERROR;
				CLANG_WARN_DOCUMENTATION_COMMENTS = YES;
				CLANG_WARN_EMPTY_BODY = YES;
				CLANG_WARN_ENUM_CONVERSION = YES;
				CLANG_WARN_INFINITE_RECURSION = YES;
				CLANG_WARN_INT_CONVERSION = YES;
				CLANG_WARN_NON_LITERAL_NULL_CONVERSION = YES;
				CLANG_WARN_OBJC_IMPLICIT_RETAIN_SELF = YES;
				CLANG_WARN_OBJC_LITERAL_CONVERSION = YES;
				CLANG_WARN_OBJC_ROOT_CLASS = YES_ERROR;
				CLANG_WARN_QUOTED_INCLUDE_IN_FRAMEWORK_HEADER = YES;
				CLANG_WARN_RANGE_LOOP_ANALYSIS = YES;
				CLANG_WARN_STRICT_PROTOTYPES = YES;
				CLANG_WARN_SUSPICIOUS_MOVE = YES;
				CLANG_WARN_UNGUARDED_AVAILABILITY = YES_AGGRESSIVE;
				CLANG_WARN_UNREACHABLE_CODE = YES;
				CLANG_WARN__DUPLICATE_METHOD_MATCH = YES;
				COPY_PHASE_STRIP = NO;
				DEBUG_INFORMATION_FORMAT = "dwarf-with-dsym";
				ENABLE_NS_ASSERTIONS = NO;
				ENABLE_STRICT_OBJC_MSGSEND = YES;
				ENABLE_USER_SCRIPT_SANDBOXING = YES;
				GCC_C_LANGUAGE_STANDARD = gnu17;
				GCC_NO_COMMON_BLOCKS = YES;
				GCC_WARN_64_TO_32_BIT_CONVERSION = YES;
				GCC_WARN_ABOUT_RETURN_TYPE = YES_ERROR;
				GCC_WARN_UNDECLARED_SELECTOR = YES;
				GCC_WARN_UNINITIALIZED_AUTOS = YES_AGGRESSIVE;
				GCC_WARN_UNUSED_FUNCTION = YES;
				GCC_WARN_UNUSED_VARIABLE = YES;
				IPHONEOS_DEPLOYMENT_TARGET = 17.0;
				LOCALIZATION_PREFERS_STRING_CATALOGS = YES;
				MTL_ENABLE_DEBUG_INFO = NO;
				MTL_FAST_MATH = YES;
				SDKROOT = iphoneos;
				SWIFT_COMPILATION_MODE = wholemodule;
				VALIDATE_PRODUCT = YES;
			};
			name = Release;
		};
		'G10005' = {
			isa = XCBuildConfiguration;
			buildSettings = {
				ASSETCATALOG_COMPILER_APPICON_NAME = AppIcon;
				ASSETCATALOG_COMPILER_GLOBAL_ACCENT_COLOR_NAME = AccentColor;
				CODE_SIGN_STYLE = Automatic;
				CURRENT_PROJECT_VERSION = 1;
				DEVELOPMENT_ASSET_PATHS = "\"Xjie/Preview Content\"";
				ENABLE_PREVIEWS = YES;
				GENERATE_INFOPLIST_FILE = YES;
				INFOPLIST_FILE = Xjie/Info.plist;
				INFOPLIST_KEY_NSCameraUsageDescription = "需要相机权限来拍照记录膳食";
				INFOPLIST_KEY_NSPhotoLibraryUsageDescription = "需要相册权限来选择照片";
				INFOPLIST_KEY_UIApplicationSceneManifest_Generation = YES;
				INFOPLIST_KEY_UIApplicationSupportsIndirectInputEvents = YES;
				INFOPLIST_KEY_UILaunchScreen_Generation = YES;
				INFOPLIST_KEY_UISupportedInterfaceOrientations_iPad = "UIInterfaceOrientationPortrait UIInterfaceOrientationPortraitUpsideDown UIInterfaceOrientationLandscapeLeft UIInterfaceOrientationLandscapeRight";
				INFOPLIST_KEY_UISupportedInterfaceOrientations_iPhone = "UIInterfaceOrientationPortrait UIInterfaceOrientationLandscapeLeft UIInterfaceOrientationLandscapeRight";
				LD_RUNPATH_SEARCH_PATHS = (
					"$(inherited)",
					"@executable_path/Frameworks",
				);
				LIBRARY_SEARCH_PATHS = (
					"$(SRCROOT)/Xjie/ViewModels",
					"$(SRCROOT)/Xjie/Views/Admin",
				);
				MARKETING_VERSION = 1.0;
				PRODUCT_BUNDLE_IDENTIFIER = com.xjie.app;
				PRODUCT_NAME = "$(TARGET_NAME)";
				SWIFT_EMIT_LOC_STRINGS = YES;
				SWIFT_VERSION = 5.0;
				TARGETED_DEVICE_FAMILY = "1,2";
			};
			name = Debug;
		};
		'G10006' = {
			isa = XCBuildConfiguration;
			buildSettings = {
				ASSETCATALOG_COMPILER_APPICON_NAME = AppIcon;
				ASSETCATALOG_COMPILER_GLOBAL_ACCENT_COLOR_NAME = AccentColor;
				CODE_SIGN_STYLE = Automatic;
				CURRENT_PROJECT_VERSION = 1;
				DEVELOPMENT_ASSET_PATHS = "\"Xjie/Preview Content\"";
				ENABLE_PREVIEWS = YES;
				GENERATE_INFOPLIST_FILE = YES;
				INFOPLIST_FILE = Xjie/Info.plist;
				INFOPLIST_KEY_NSCameraUsageDescription = "需要相机权限来拍照记录膳食";
				INFOPLIST_KEY_NSPhotoLibraryUsageDescription = "需要相册权限来选择照片";
				INFOPLIST_KEY_UIApplicationSceneManifest_Generation = YES;
				INFOPLIST_KEY_UIApplicationSupportsIndirectInputEvents = YES;
				INFOPLIST_KEY_UILaunchScreen_Generation = YES;
				INFOPLIST_KEY_UISupportedInterfaceOrientations_iPad = "UIInterfaceOrientationPortrait UIInterfaceOrientationPortraitUpsideDown UIInterfaceOrientationLandscapeLeft UIInterfaceOrientationLandscapeRight";
				INFOPLIST_KEY_UISupportedInterfaceOrientations_iPhone = "UIInterfaceOrientationPortrait UIInterfaceOrientationLandscapeLeft UIInterfaceOrientationLandscapeRight";
				LD_RUNPATH_SEARCH_PATHS = (
					"$(inherited)",
					"@executable_path/Frameworks",
				);
				LIBRARY_SEARCH_PATHS = (
					"$(SRCROOT)/Xjie/ViewModels",
					"$(SRCROOT)/Xjie/Views/Admin",
				);
				MARKETING_VERSION = 1.0;
				PRODUCT_BUNDLE_IDENTIFIER = com.xjie.app;
				PRODUCT_NAME = "$(TARGET_NAME)";
				SWIFT_EMIT_LOC_STRINGS = YES;
				SWIFT_VERSION = 5.0;
				TARGETED_DEVICE_FAMILY = "1,2";
			};
			name = Release;
		};
		'G20005' = {
			isa = XCBuildConfiguration;
			buildSettings = {
				BUNDLE_LOADER = "$(TEST_HOST)";
				CODE_SIGN_STYLE = Automatic;
				CURRENT_PROJECT_VERSION = 1;
				GENERATE_INFOPLIST_FILE = YES;
				IPHONEOS_DEPLOYMENT_TARGET = 17.0;
				LIBRARY_SEARCH_PATHS = (
					"$(SRCROOT)/Xjie/ViewModels",
					"$(SRCROOT)/Xjie/Views/Admin",
				);
				MARKETING_VERSION = 1.0;
				PRODUCT_BUNDLE_IDENTIFIER = com.xjie.app.tests;
				PRODUCT_NAME = "$(TARGET_NAME)";
				SWIFT_EMIT_LOC_STRINGS = NO;
				SWIFT_VERSION = 5.0;
				TARGETED_DEVICE_FAMILY = "1,2";
				TEST_HOST = "$(BUILT_PRODUCTS_DIR)/Xjie.app/$(BUNDLE_EXECUTABLE_FOLDER_PATH)/Xjie";
			};
			name = Debug;
		};
		'G20006' = {
			isa = XCBuildConfiguration;
			buildSettings = {
				BUNDLE_LOADER = "$(TEST_HOST)";
				CODE_SIGN_STYLE = Automatic;
				CURRENT_PROJECT_VERSION = 1;
				GENERATE_INFOPLIST_FILE = YES;
				IPHONEOS_DEPLOYMENT_TARGET = 17.0;
				LIBRARY_SEARCH_PATHS = (
					"$(SRCROOT)/Xjie/ViewModels",
					"$(SRCROOT)/Xjie/Views/Admin",
				);
				MARKETING_VERSION = 1.0;
				PRODUCT_BUNDLE_IDENTIFIER = com.xjie.app.tests;
				PRODUCT_NAME = "$(TARGET_NAME)";
				SWIFT_EMIT_LOC_STRINGS = NO;
				SWIFT_VERSION = 5.0;
				TARGETED_DEVICE_FAMILY = "1,2";
				TEST_HOST = "$(BUILT_PRODUCTS_DIR)/Xjie.app/$(BUNDLE_EXECUTABLE_FOLDER_PATH)/Xjie";
			};
			name = Release;
		};
/* End XCBuildConfiguration section */

/* Begin XCConfigurationList section */
		'G10001' = {
			isa = XCConfigurationList;
			buildConfigurations = (
				G10002,
				G10004,
			);
			defaultConfigurationIsVisible = 0;
			defaultConfigurationName = Release;
		};
		'G10003' = {
			isa = XCConfigurationList;
			buildConfigurations = (
				G10005,
				G10006,
			);
			defaultConfigurationIsVisible = 0;
			defaultConfigurationName = Release;
		};
		'G20003' = {
			isa = XCConfigurationList;
			buildConfigurations = (
				G20005,
				G20006,
			);
			defaultConfigurationIsVisible = 0;
			defaultConfigurationName = Release;
		};
/* End XCConfigurationList section */
	};
	rootObject = H10001;
}
