// !$*UTF8*$!
{
	archiveVersion = 1;
	classes = {
	};
	objectVersion = 56;
	objects = {

/* Begin PBXBuildFile section */
		1E7D4C19AB516866328F9703 /* OmicsViewModel.swift in Sources */ = {isa = PBXBuildFile; fileRef = 902B40A9AE1B0A44261BAF6B /* OmicsViewModel.swift */; };
		21DB0F162F7AE8590089FD02 /* OmicsViewModel.swift in Sources */ = {isa = PBXBuildFile; fileRef = 21DB0F152F7AE8580089FD02 /* OmicsViewModel.swift */; };
		21DB0F182F7AE8930089FD02 /* AdminViewModel.swift in Sources */ = {isa = PBXBuildFile; fileRef = 21DB0F172F7AE8930089FD02 /* AdminViewModel.swift */; };
		2BAF4CD39AEBF59145C3B727 /* AdminView.swift in Sources */ = {isa = PBXBuildFile; fileRef = EC54489E8651D647068A1AF4 /* AdminView.swift */; };
		7A6A43569680FCEDA15B8D21 /* AdminViewModel.swift in Sources */ = {isa = PBXBuildFile; fileRef = A5004E33AC1469707293AEAC /* AdminViewModel.swift */; };
		A10001 /* XjieApp.swift in Sources */ = {isa = PBXBuildFile; fileRef = B10001 /* XjieApp.swift */; };
		A10002 /* AuthManager.swift in Sources */ = {isa = PBXBuildFile; fileRef = B10002 /* AuthManager.swift */; };
		A10003 /* APIService.swift in Sources */ = {isa = PBXBuildFile; fileRef = B10003 /* APIService.swift */; };
		A10004 /* Models.swift in Sources */ = {isa = PBXBuildFile; fileRef = B10004 /* Models.swift */; };
		A10005 /* Theme.swift in Sources */ = {isa = PBXBuildFile; fileRef = B10005 /* Theme.swift */; };
		A10006 /* Utils.swift in Sources */ = {isa = PBXBuildFile; fileRef = B10006 /* Utils.swift */; };
		A10007 /* MainTabView.swift in Sources */ = {isa = PBXBuildFile; fileRef = B10007 /* MainTabView.swift */; };
		A10008 /* HomeView.swift in Sources */ = {isa = PBXBuildFile; fileRef = B10008 /* HomeView.swift */; };
		A10009 /* LoginView.swift in Sources */ = {isa = PBXBuildFile; fileRef = B10009 /* LoginView.swift */; };
		A10010 /* GlucoseView.swift in Sources */ = {isa = PBXBuildFile; fileRef = B10010 /* GlucoseView.swift */; };
		A10011 /* ChatView.swift in Sources */ = {isa = PBXBuildFile; fileRef = B10011 /* ChatView.swift */; };
		A10012 /* HealthDataView.swift in Sources */ = {isa = PBXBuildFile; fileRef = B10012 /* HealthDataView.swift */; };
		A10013 /* MedicalRecordViews.swift in Sources */ = {isa = PBXBuildFile; fileRef = B10013 /* MedicalRecordViews.swift */; };
		A10014 /* ExamReportViews.swift in Sources */ = {isa = PBXBuildFile; fileRef = B10014 /* ExamReportViews.swift */; };
		A10015 /* OmicsView.swift in Sources */ = {isa = PBXBuildFile; fileRef = B10015 /* OmicsView.swift */; };
		A10016 /* SettingsView.swift in Sources */ = {isa = PBXBuildFile; fileRef = B10016 /* SettingsView.swift */; };
		A10017 /* HealthView.swift in Sources */ = {isa = PBXBuildFile; fileRef = B10017 /* HealthView.swift */; };
		A10018 /* MealsView.swift in Sources */ = {isa = PBXBuildFile; fileRef = B10018 /* MealsView.swift */; };
		A10019 /* Assets.xcassets in Resources */ = {isa = PBXBuildFile; fileRef = B10019 /* Assets.xcassets */; };
		A10020 /* Preview Assets.xcassets in Resources */ = {isa = PBXBuildFile; fileRef = B10020 /* Preview Assets.xcassets */; };
		A10022 /* APIServiceProtocol.swift in Sources */ = {isa = PBXBuildFile; fileRef = B10022 /* APIServiceProtocol.swift */; };
		A10023 /* Environment.swift in Sources */ = {isa = PBXBuildFile; fileRef = B10023 /* Environment.swift */; };
		A10024 /* AuthModels.swift in Sources */ = {isa = PBXBuildFile; fileRef = B10024 /* AuthModels.swift */; };
		A10025 /* GlucoseModels.swift in Sources */ = {isa = PBXBuildFile; fileRef = B10025 /* GlucoseModels.swift */; };
		A10026 /* MealModels.swift in Sources */ = {isa = PBXBuildFile; fileRef = B10026 /* MealModels.swift */; };
		A10027 /* HealthModels.swift in Sources */ = {isa = PBXBuildFile; fileRef = B10027 /* HealthModels.swift */; };
		A10028 /* ChatModels.swift in Sources */ = {isa = PBXBuildFile; fileRef = B10028 /* ChatModels.swift */; };
		A10029 /* SettingsModels.swift in Sources */ = {isa = PBXBuildFile; fileRef = B10029 /* SettingsModels.swift */; };
		A10030 /* KeychainHelper.swift in Sources */ = {isa = PBXBuildFile; fileRef = B10030 /* KeychainHelper.swift */; };
		A10031 /* MIMETypeHelper.swift in Sources */ = {isa = PBXBuildFile; fileRef = B10031 /* MIMETypeHelper.swift */; };
		A10032 /* HealthDataRepository.swift in Sources */ = {isa = PBXBuildFile; fileRef = B10032 /* HealthDataRepository.swift */; };
		A10033 /* HomeViewModel.swift in Sources */ = {isa = PBXBuildFile; fileRef = B10033 /* HomeViewModel.swift */; };
		A10034 /* LoginViewModel.swift in Sources */ = {isa = PBXBuildFile; fileRef = B10034 /* LoginViewModel.swift */; };
		A10035 /* GlucoseViewModel.swift in Sources */ = {isa = PBXBuildFile; fileRef = B10035 /* GlucoseViewModel.swift */; };
		A10036 /* ChatViewModel.swift in Sources */ = {isa = PBXBuildFile; fileRef = B10036 /* ChatViewModel.swift */; };
		A10037 /* HealthDataViewModel.swift in Sources */ = {isa = PBXBuildFile; fileRef = B10037 /* HealthDataViewModel.swift */; };
		A10038 /* MedicalRecordViewModels.swift in Sources */ = {isa = PBXBuildFile; fileRef = B10038 /* MedicalRecordViewModels.swift */; };
		A10039 /* ExamReportViewModels.swift in Sources */ = {isa = PBXBuildFile; fileRef = B10039 /* ExamReportViewModels.swift */; };
		A10040 /* SettingsViewModel.swift in Sources */ = {isa = PBXBuildFile; fileRef = B10040 /* SettingsViewModel.swift */; };
		A10041 /* HealthBriefViewModel.swift in Sources */ = {isa = PBXBuildFile; fileRef = B10041 /* HealthBriefViewModel.swift */; };
		A10042 /* MealsViewModel.swift in Sources */ = {isa = PBXBuildFile; fileRef = B10042 /* MealsViewModel.swift */; };
		A10050 /* EmptyStateView.swift in Sources */ = {isa = PBXBuildFile; fileRef = B10050 /* EmptyStateView.swift */; };
		A10051 /* ErrorStateView.swift in Sources */ = {isa = PBXBuildFile; fileRef = B10051 /* ErrorStateView.swift */; };
		A10052 /* SplashView.swift in Sources */ = {isa = PBXBuildFile; fileRef = B10052 /* SplashView.swift */; };
		A10053 /* ImageCacheManager.swift in Sources */ = {isa = PBXBuildFile; fileRef = B10053 /* ImageCacheManager.swift */; };
		A10054 /* CachedAsyncImage.swift in Sources */ = {isa = PBXBuildFile; fileRef = B10054 /* CachedAsyncImage.swift */; };
		A10055 /* NetworkMonitor.swift in Sources */ = {isa = PBXBuildFile; fileRef = B10055 /* NetworkMonitor.swift */; };
		A10056 /* OfflineCacheManager.swift in Sources */ = {isa = PBXBuildFile; fileRef = B10056 /* OfflineCacheManager.swift */; };
		A10057 /* AppLogger.swift in Sources */ = {isa = PBXBuildFile; fileRef = B10057 /* AppLogger.swift */; };
		A10058 /* CrashReporter.swift in Sources */ = {isa = PBXBuildFile; fileRef = B10058 /* CrashReporter.swift */; };
		A10059 /* Constants.swift in Sources */ = {isa = PBXBuildFile; fileRef = B10059 /* Constants.swift */; };
		A10060 /* CSVTableView.swift in Sources */ = {isa = PBXBuildFile; fileRef = B10060 /* CSVTableView.swift */; };
		A10061 /* DocumentTagView.swift in Sources */ = {isa = PBXBuildFile; fileRef = B10061 /* DocumentTagView.swift */; };
		A10062 /* MetricItemView.swift in Sources */ = {isa = PBXBuildFile; fileRef = B10062 /* MetricItemView.swift */; };
		A10063 /* PrivacyInfo.xcprivacy in Resources */ = {isa = PBXBuildFile; fileRef = B10063 /* PrivacyInfo.xcprivacy */; };
		A10064 /* Localizable.strings in Resources */ = {isa = PBXBuildFile; fileRef = E10040 /* Localizable.strings */; };
		A10070 /* PushNotificationManager.swift in Sources */ = {isa = PBXBuildFile; fileRef = B10070 /* PushNotificationManager.swift */; };
		A10071 /* AppDelegate.swift in Sources */ = {isa = PBXBuildFile; fileRef = B10071 /* AppDelegate.swift */; };
		A10072 /* FeatureFlagModels.swift in Sources */ = {isa = PBXBuildFile; fileRef = B10072 /* FeatureFlagModels.swift */; };
		A10073 /* FeatureFlagService.swift in Sources */ = {isa = PBXBuildFile; fileRef = B10073 /* FeatureFlagService.swift */; };
		A10074 /* MarkdownTextView.swift in Sources */ = {isa = PBXBuildFile; fileRef = B10074 /* MarkdownTextView.swift */; };
		A20001 /* MockAPIService.swift in Sources */ = {isa = PBXBuildFile; fileRef = B20001 /* MockAPIService.swift */; };
		A20002 /* UtilsTests.swift in Sources */ = {isa = PBXBuildFile; fileRef = B20002 /* UtilsTests.swift */; };
		A20003 /* ChatMessageTests.swift in Sources */ = {isa = PBXBuildFile; fileRef = B20003 /* ChatMessageTests.swift */; };
		A20004 /* HomeViewModelTests.swift in Sources */ = {isa = PBXBuildFile; fileRef = B20004 /* HomeViewModelTests.swift */; };
		A20005 /* LoginViewModelTests.swift in Sources */ = {isa = PBXBuildFile; fileRef = B20005 /* LoginViewModelTests.swift */; };
		A20006 /* ChatViewModelTests.swift in Sources */ = {isa = PBXBuildFile; fileRef = B20006 /* ChatViewModelTests.swift */; };
		A20007 /* GlucoseViewModelTests.swift in Sources */ = {isa = PBXBuildFile; fileRef = B20007 /* GlucoseViewModelTests.swift */; };
		AF1F40F78195A1B7A92830D2 /* AdminView.swift in Sources */ = {isa = PBXBuildFile; fileRef = EC54489E8651D647068A1AF4 /* AdminView.swift */; };
		E10B39 /* IndicatorTrendView.swift in Sources */ = {isa = PBXBuildFile; fileRef = D8076C /* IndicatorTrendView.swift */; };
		EA1C1A /* IndicatorTrendViewModel.swift in Sources */ = {isa = PBXBuildFile; fileRef = DAF9F8 /* IndicatorTrendViewModel.swift */; };
/* End PBXBuildFile section */

/* Begin PBXContainerItemProxy section */
		J10001 /* PBXContainerItemProxy */ = {
			isa = PBXContainerItemProxy;
			containerPortal = H10001 /* Project object */;
			proxyType = 1;
			remoteGlobalIDString = F10001;
			remoteInfo = Xjie;
		};
/* End PBXContainerItemProxy section */

/* Begin PBXFileReference section */
		21DB0F152F7AE8580089FD02 /* OmicsViewModel.swift */ = {isa = PBXFileReference; lastKnownFileType = sourcecode.swift; path = OmicsViewModel.swift; sourceTree = "<group>"; };
		21DB0F172F7AE8930089FD02 /* AdminViewModel.swift */ = {isa = PBXFileReference; lastKnownFileType = sourcecode.swift; path = AdminViewModel.swift; sourceTree = "<group>"; };
		902B40A9AE1B0A44261BAF6B /* OmicsViewModel.swift */ = {isa = PBXFileReference; lastKnownFileType = sourcecode.swift; name = OmicsViewModel.swift; path = Xjie/ViewModels/OmicsViewModel.swift; sourceTree = SOURCE_ROOT; };
		A5004E33AC1469707293AEAC /* AdminViewModel.swift */ = {isa = PBXFileReference; lastKnownFileType = sourcecode.swift; name = AdminViewModel.swift; path = Xjie/ViewModels/AdminViewModel.swift; sourceTree = SOURCE_ROOT; };
		B10001 /* XjieApp.swift */ = {isa = PBXFileReference; lastKnownFileType = sourcecode.swift; path = XjieApp.swift; sourceTree = "<group>"; };
		B10002 /* AuthManager.swift */ = {isa = PBXFileReference; lastKnownFileType = sourcecode.swift; path = AuthManager.swift; sourceTree = "<group>"; };
		B10003 /* APIService.swift */ = {isa = PBXFileReference; lastKnownFileType = sourcecode.swift; path = APIService.swift; sourceTree = "<group>"; };
		B10004 /* Models.swift */ = {isa = PBXFileReference; lastKnownFileType = sourcecode.swift; path = Models.swift; sourceTree = "<group>"; };
		B10005 /* Theme.swift */ = {isa = PBXFileReference; lastKnownFileType = sourcecode.swift; path = Theme.swift; sourceTree = "<group>"; };
		B10006 /* Utils.swift */ = {isa = PBXFileReference; lastKnownFileType = sourcecode.swift; path = Utils.swift; sourceTree = "<group>"; };
		B10007 /* MainTabView.swift */ = {isa = PBXFileReference; lastKnownFileType = sourcecode.swift; path = MainTabView.swift; sourceTree = "<group>"; };
		B10008 /* HomeView.swift */ = {isa = PBXFileReference; lastKnownFileType = sourcecode.swift; path = HomeView.swift; sourceTree = "<group>"; };
		B10009 /* LoginView.swift */ = {isa = PBXFileReference; lastKnownFileType = sourcecode.swift; path = LoginView.swift; sourceTree = "<group>"; };
		B10010 /* GlucoseView.swift */ = {isa = PBXFileReference; lastKnownFileType = sourcecode.swift; path = GlucoseView.swift; sourceTree = "<group>"; };
		B10011 /* ChatView.swift */ = {isa = PBXFileReference; lastKnownFileType = sourcecode.swift; path = ChatView.swift; sourceTree = "<group>"; };
		B10012 /* HealthDataView.swift */ = {isa = PBXFileReference; lastKnownFileType = sourcecode.swift; path = HealthDataView.swift; sourceTree = "<group>"; };
		B10013 /* MedicalRecordViews.swift */ = {isa = PBXFileReference; lastKnownFileType = sourcecode.swift; path = MedicalRecordViews.swift; sourceTree = "<group>"; };
		B10014 /* ExamReportViews.swift */ = {isa = PBXFileReference; lastKnownFileType = sourcecode.swift; path = ExamReportViews.swift; sourceTree = "<group>"; };
		B10015 /* OmicsView.swift */ = {isa = PBXFileReference; lastKnownFileType = sourcecode.swift; path = OmicsView.swift; sourceTree = "<group>"; };
		B10016 /* SettingsView.swift */ = {isa = PBXFileReference; lastKnownFileType = sourcecode.swift; path = SettingsView.swift; sourceTree = "<group>"; };
		B10017 /* HealthView.swift */ = {isa = PBXFileReference; lastKnownFileType = sourcecode.swift; path = HealthView.swift; sourceTree = "<group>"; };
		B10018 /* MealsView.swift */ = {isa = PBXFileReference; lastKnownFileType = sourcecode.swift; path = MealsView.swift; sourceTree = "<group>"; };
		B10019 /* Assets.xcassets */ = {isa = PBXFileReference; lastKnownFileType = folder.assetcatalog; path = Assets.xcassets; sourceTree = "<group>"; };
		B10020 /* Preview Assets.xcassets */ = {isa = PBXFileReference; lastKnownFileType = folder.assetcatalog; path = "Preview Assets.xcassets"; sourceTree = "<group>"; };
		B10021 /* Info.plist */ = {isa = PBXFileReference; lastKnownFileType = text.plist.xml; path = Info.plist; sourceTree = "<group>"; };
		B10022 /* APIServiceProtocol.swift */ = {isa = PBXFileReference; lastKnownFileType = sourcecode.swift; path = APIServiceProtocol.swift; sourceTree = "<group>"; };
		B10023 /* Environment.swift */ = {isa = PBXFileReference; lastKnownFileType = sourcecode.swift; path = Environment.swift; sourceTree = "<group>"; };
		B10024 /* AuthModels.swift */ = {isa = PBXFileReference; lastKnownFileType = sourcecode.swift; path = AuthModels.swift; sourceTree = "<group>"; };
		B10025 /* GlucoseModels.swift */ = {isa = PBXFileReference; lastKnownFileType = sourcecode.swift; path = GlucoseModels.swift; sourceTree = "<group>"; };
		B10026 /* MealModels.swift */ = {isa = PBXFileReference; lastKnownFileType = sourcecode.swift; path = MealModels.swift; sourceTree = "<group>"; };
		B10027 /* HealthModels.swift */ = {isa = PBXFileReference; lastKnownFileType = sourcecode.swift; path = HealthModels.swift; sourceTree = "<group>"; };
		B10028 /* ChatModels.swift */ = {isa = PBXFileReference; lastKnownFileType = sourcecode.swift; path = ChatModels.swift; sourceTree = "<group>"; };
		B10029 /* SettingsModels.swift */ = {isa = PBXFileReference; lastKnownFileType = sourcecode.swift; path = SettingsModels.swift; sourceTree = "<group>"; };
		B10030 /* KeychainHelper.swift */ = {isa = PBXFileReference; lastKnownFileType = sourcecode.swift; path = KeychainHelper.swift; sourceTree = "<group>"; };
		B10031 /* MIMETypeHelper.swift */ = {isa = PBXFileReference; lastKnownFileType = sourcecode.swift; path = MIMETypeHelper.swift; sourceTree = "<group>"; };
		B10032 /* HealthDataRepository.swift */ = {isa = PBXFileReference; lastKnownFileType = sourcecode.swift; path = HealthDataRepository.swift; sourceTree = "<group>"; };
		B10033 /* HomeViewModel.swift */ = {isa = PBXFileReference; lastKnownFileType = sourcecode.swift; path = HomeViewModel.swift; sourceTree = "<group>"; };
		B10034 /* LoginViewModel.swift */ = {isa = PBXFileReference; lastKnownFileType = sourcecode.swift; path = LoginViewModel.swift; sourceTree = "<group>"; };
		B10035 /* GlucoseViewModel.swift */ = {isa = PBXFileReference; lastKnownFileType = sourcecode.swift; path = GlucoseViewModel.swift; sourceTree = "<group>"; };
		B10036 /* ChatViewModel.swift */ = {isa = PBXFileReference; lastKnownFileType = sourcecode.swift; path = ChatViewModel.swift; sourceTree = "<group>"; };
		B10037 /* HealthDataViewModel.swift */ = {isa = PBXFileReference; lastKnownFileType = sourcecode.swift; path = HealthDataViewModel.swift; sourceTree = "<group>"; };
		B10038 /* MedicalRecordViewModels.swift */ = {isa = PBXFileReference; lastKnownFileType = sourcecode.swift; path = MedicalRecordViewModels.swift; sourceTree = "<group>"; };
		B10039 /* ExamReportViewModels.swift */ = {isa = PBXFileReference; lastKnownFileType = sourcecode.swift; path = ExamReportViewModels.swift; sourceTree = "<group>"; };
		B10040 /* SettingsViewModel.swift */ = {isa = PBXFileReference; lastKnownFileType = sourcecode.swift; path = SettingsViewModel.swift; sourceTree = "<group>"; };
		B10041 /* HealthBriefViewModel.swift */ = {isa = PBXFileReference; lastKnownFileType = sourcecode.swift; path = HealthBriefViewModel.swift; sourceTree = "<group>"; };
		B10042 /* MealsViewModel.swift */ = {isa = PBXFileReference; lastKnownFileType = sourcecode.swift; path = MealsViewModel.swift; sourceTree = "<group>"; };
		B10050 /* EmptyStateView.swift */ = {isa = PBXFileReference; lastKnownFileType = sourcecode.swift; path = EmptyStateView.swift; sourceTree = "<group>"; };
		B10051 /* ErrorStateView.swift */ = {isa = PBXFileReference; lastKnownFileType = sourcecode.swift; path = ErrorStateView.swift; sourceTree = "<group>"; };
		B10052 /* SplashView.swift */ = {isa = PBXFileReference; lastKnownFileType = sourcecode.swift; path = SplashView.swift; sourceTree = "<group>"; };
		B10053 /* ImageCacheManager.swift */ = {isa = PBXFileReference; lastKnownFileType = sourcecode.swift; path = ImageCacheManager.swift; sourceTree = "<group>"; };
		B10054 /* CachedAsyncImage.swift */ = {isa = PBXFileReference; lastKnownFileType = sourcecode.swift; path = CachedAsyncImage.swift; sourceTree = "<group>"; };
		B10055 /* NetworkMonitor.swift */ = {isa = PBXFileReference; lastKnownFileType = sourcecode.swift; path = NetworkMonitor.swift; sourceTree = "<group>"; };
		B10056 /* OfflineCacheManager.swift */ = {isa = PBXFileReference; lastKnownFileType = sourcecode.swift; path = OfflineCacheManager.swift; sourceTree = "<group>"; };
		B10057 /* AppLogger.swift */ = {isa = PBXFileReference; lastKnownFileType = sourcecode.swift; path = AppLogger.swift; sourceTree = "<group>"; };
		B10058 /* CrashReporter.swift */ = {isa = PBXFileReference; lastKnownFileType = sourcecode.swift; path = CrashReporter.swift; sourceTree = "<group>"; };
		B10059 /* Constants.swift */ = {isa = PBXFileReference; lastKnownFileType = sourcecode.swift; path = Constants.swift; sourceTree = "<group>"; };
		B10060 /* CSVTableView.swift */ = {isa = PBXFileReference; lastKnownFileType = sourcecode.swift; path = CSVTableView.swift; sourceTree = "<group>"; };
		B10061 /* DocumentTagView.swift */ = {isa = PBXFileReference; lastKnownFileType = sourcecode.swift; path = DocumentTagView.swift; sourceTree = "<group>"; };
		B10062 /* MetricItemView.swift */ = {isa = PBXFileReference; lastKnownFileType = sourcecode.swift; path = MetricItemView.swift; sourceTree = "<group>"; };
		B10063 /* PrivacyInfo.xcprivacy */ = {isa = PBXFileReference; lastKnownFileType = text.xml; path = PrivacyInfo.xcprivacy; sourceTree = "<group>"; };
		B10064 /* en */ = {isa = PBXFileReference; lastKnownFileType = text.plist.strings; name = en; path = Resources/en.lproj/Localizable.strings; sourceTree = "<group>"; };
		B10065 /* zh-Hans */ = {isa = PBXFileReference; lastKnownFileType = text.plist.strings; name = "zh-Hans"; path = "Resources/zh-Hans.lproj/Localizable.strings"; sourceTree = "<group>"; };
		B10070 /* PushNotificationManager.swift */ = {isa = PBXFileReference; lastKnownFileType = sourcecode.swift; path = PushNotificationManager.swift; sourceTree = "<group>"; };
		B10071 /* AppDelegate.swift */ = {isa = PBXFileReference; lastKnownFileType = sourcecode.swift; path = AppDelegate.swift; sourceTree = "<group>"; };
		B10072 /* FeatureFlagModels.swift */ = {isa = PBXFileReference; lastKnownFileType = sourcecode.swift; path = FeatureFlagModels.swift; sourceTree = "<group>"; };
		B10073 /* FeatureFlagService.swift */ = {isa = PBXFileReference; lastKnownFileType = sourcecode.swift; path = FeatureFlagService.swift; sourceTree = "<group>"; };
		B10074 /* MarkdownTextView.swift */ = {isa = PBXFileReference; lastKnownFileType = sourcecode.swift; path = MarkdownTextView.swift; sourceTree = "<group>"; };
		B20001 /* MockAPIService.swift */ = {isa = PBXFileReference; lastKnownFileType = sourcecode.swift; path = MockAPIService.swift; sourceTree = "<group>"; };
		B20002 /* UtilsTests.swift */ = {isa = PBXFileReference; lastKnownFileType = sourcecode.swift; path = UtilsTests.swift; sourceTree = "<group>"; };
		B20003 /* ChatMessageTests.swift */ = {isa = PBXFileReference; lastKnownFileType = sourcecode.swift; path = ChatMessageTests.swift; sourceTree = "<group>"; };
		B20004 /* HomeViewModelTests.swift */ = {isa = PBXFileReference; lastKnownFileType = sourcecode.swift; path = HomeViewModelTests.swift; sourceTree = "<group>"; };
		B20005 /* LoginViewModelTests.swift */ = {isa = PBXFileReference; lastKnownFileType = sourcecode.swift; path = LoginViewModelTests.swift; sourceTree = "<group>"; };
		B20006 /* ChatViewModelTests.swift */ = {isa = PBXFileReference; lastKnownFileType = sourcecode.swift; path = ChatViewModelTests.swift; sourceTree = "<group>"; };
		B20007 /* GlucoseViewModelTests.swift */ = {isa = PBXFileReference; lastKnownFileType = sourcecode.swift; path = GlucoseViewModelTests.swift; sourceTree = "<group>"; };
		C10001 /* Xjie.app */ = {isa = PBXFileReference; explicitFileType = wrapper.application; includeInIndex = 0; path = Xjie.app; sourceTree = BUILT_PRODUCTS_DIR; };
		C20001 /* XjieTests.xctest */ = {isa = PBXFileReference; explicitFileType = wrapper.cfbundle; includeInIndex = 0; path = XjieTests.xctest; sourceTree = BUILT_PRODUCTS_DIR; };
		D8076C /* IndicatorTrendView.swift */ = {isa = PBXFileReference; lastKnownFileType = sourcecode.swift; path = IndicatorTrendView.swift; sourceTree = "<group>"; };
		DAF9F8 /* IndicatorTrendViewModel.swift */ = {isa = PBXFileReference; lastKnownFileType = sourcecode.swift; path = IndicatorTrendViewModel.swift; sourceTree = "<group>"; };
		EC54489E8651D647068A1AF4 /* AdminView.swift */ = {isa = PBXFileReference; lastKnownFileType = sourcecode.swift; name = AdminView.swift; path = Xjie/Views/Admin/AdminView.swift; sourceTree = SOURCE_ROOT; };
/* End PBXFileReference section */

/* Begin PBXFrameworksBuildPhase section */
		D10001 /* Frameworks */ = {
			isa = PBXFrameworksBuildPhase;
			buildActionMask = 2147483647;
			files = (
			);
			runOnlyForDeploymentPostprocessing = 0;
		};
		D20001 /* Frameworks */ = {
			isa = PBXFrameworksBuildPhase;
			buildActionMask = 2147483647;
			files = (
			);
			runOnlyForDeploymentPostprocessing = 0;
		};
/* End PBXFrameworksBuildPhase section */

/* Begin PBXGroup section */
		21DB0F192F7AE9A10089FD02 /* Admin 2 */ = {
			isa = PBXGroup;
			children = (
			);
			path = "Admin 2";
			sourceTree = "<group>";
		};
		E10001 = {
			isa = PBXGroup;
			children = (
				E10002 /* Xjie */,
				E20001 /* XjieTests */,
				E10099 /* Products */,
				902B40A9AE1B0A44261BAF6B /* OmicsViewModel.swift */,
				A5004E33AC1469707293AEAC /* AdminViewModel.swift */,
				EC54489E8651D647068A1AF4 /* AdminView.swift */,
			);
			sourceTree = "<group>";
		};
		E10002 /* Xjie */ = {
			isa = PBXGroup;
			children = (
				E10003 /* App */,
				E10004 /* Models */,
				E10005 /* Services */,
				E10006 /* Utils */,
				E10021 /* ViewModels */,
				E10022 /* Repositories */,
				E10007 /* Views */,
				B10063 /* PrivacyInfo.xcprivacy */,
				E10040 /* Localizable.strings */,
				B10021 /* Info.plist */,
				B10019 /* Assets.xcassets */,
				E10098 /* Preview Content */,
			);
			path = Xjie;
			sourceTree = "<group>";
		};
		E10003 /* App */ = {
			isa = PBXGroup;
			children = (
				B10001 /* XjieApp.swift */,
				B10071 /* AppDelegate.swift */,
			);
			path = App;
			sourceTree = "<group>";
		};
		E10004 /* Models */ = {
			isa = PBXGroup;
			children = (
				B10004 /* Models.swift */,
				B10024 /* AuthModels.swift */,
				B10025 /* GlucoseModels.swift */,
				B10026 /* MealModels.swift */,
				B10027 /* HealthModels.swift */,
				B10028 /* ChatModels.swift */,
				B10029 /* SettingsModels.swift */,
				B10072 /* FeatureFlagModels.swift */,
			);
			path = Models;
			sourceTree = "<group>";
		};
		E10005 /* Services */ = {
			isa = PBXGroup;
			children = (
				B10002 /* AuthManager.swift */,
				B10003 /* APIService.swift */,
				B10022 /* APIServiceProtocol.swift */,
				B10023 /* Environment.swift */,
				B10070 /* PushNotificationManager.swift */,
				B10073 /* FeatureFlagService.swift */,
			);
			path = Services;
			sourceTree = "<group>";
		};
		E10006 /* Utils */ = {
			isa = PBXGroup;
			children = (
				B10005 /* Theme.swift */,
				B10006 /* Utils.swift */,
				B10030 /* KeychainHelper.swift */,
				B10031 /* MIMETypeHelper.swift */,
				B10053 /* ImageCacheManager.swift */,
				B10055 /* NetworkMonitor.swift */,
				B10056 /* OfflineCacheManager.swift */,
				B10057 /* AppLogger.swift */,
				B10058 /* CrashReporter.swift */,
				B10059 /* Constants.swift */,
			);
			path = Utils;
			sourceTree = "<group>";
		};
		E10007 /* Views */ = {
			isa = PBXGroup;
			children = (
				E10010 /* Home */,
				E10011 /* Login */,
				E10012 /* Glucose */,
				E10013 /* Chat */,
				E10014 /* HealthData */,
				E10015 /* MedicalRecords */,
				E10016 /* ExamReports */,
				E10017 /* Omics */,
				E10018 /* Settings */,
				E10019 /* Health */,
				E10020 /* Meals */,
				E10030 /* Components */,
				E10031 /* Shared */,
				21DB0F192F7AE9A10089FD02 /* Admin 2 */,
			);
			path = Views;
			sourceTree = "<group>";
		};
		E10010 /* Home */ = {
			isa = PBXGroup;
			children = (
				B10007 /* MainTabView.swift */,
				B10008 /* HomeView.swift */,
			);
			path = Home;
			sourceTree = "<group>";
		};
		E10011 /* Login */ = {
			isa = PBXGroup;
			children = (
				B10009 /* LoginView.swift */,
			);
			path = Login;
			sourceTree = "<group>";
		};
		E10012 /* Glucose */ = {
			isa = PBXGroup;
			children = (
				B10010 /* GlucoseView.swift */,
			);
			path = Glucose;
			sourceTree = "<group>";
		};
		E10013 /* Chat */ = {
			isa = PBXGroup;
			children = (
				B10011 /* ChatView.swift */,
			);
			path = Chat;
			sourceTree = "<group>";
		};
		E10014 /* HealthData */ = {
			isa = PBXGroup;
			children = (
				B10012 /* HealthDataView.swift */,
			);
			path = HealthData;
			sourceTree = "<group>";
		};
		E10015 /* MedicalRecords */ = {
			isa = PBXGroup;
			children = (
				B10013 /* MedicalRecordViews.swift */,
			);
			path = MedicalRecords;
			sourceTree = "<group>";
		};
		E10016 /* ExamReports */ = {
			isa = PBXGroup;
			children = (
				B10014 /* ExamReportViews.swift */,
			);
			path = ExamReports;
			sourceTree = "<group>";
		};
		E10017 /* Omics */ = {
			isa = PBXGroup;
			children = (
				B10015 /* OmicsView.swift */,
			);
			path = Omics;
			sourceTree = "<group>";
		};
		E10018 /* Settings */ = {
			isa = PBXGroup;
			children = (
				B10016 /* SettingsView.swift */,
			);
			path = Settings;
			sourceTree = "<group>";
		};
		E10019 /* Health */ = {
			isa = PBXGroup;
			children = (
				B10017 /* HealthView.swift */,
				D8076C /* IndicatorTrendView.swift */,
			);
			path = Health;
			sourceTree = "<group>";
		};
		E10020 /* Meals */ = {
			isa = PBXGroup;
			children = (
				B10018 /* MealsView.swift */,
			);
			path = Meals;
			sourceTree = "<group>";
		};
		E10021 /* ViewModels */ = {
			isa = PBXGroup;
			children = (
				B10033 /* HomeViewModel.swift */,
				B10034 /* LoginViewModel.swift */,
				B10035 /* GlucoseViewModel.swift */,
				B10036 /* ChatViewModel.swift */,
				B10037 /* HealthDataViewModel.swift */,
				B10038 /* MedicalRecordViewModels.swift */,
				B10039 /* ExamReportViewModels.swift */,
				B10040 /* SettingsViewModel.swift */,
				B10041 /* HealthBriefViewModel.swift */,
				B10042 /* MealsViewModel.swift */,
				21DB0F152F7AE8580089FD02 /* OmicsViewModel.swift */,
				21DB0F172F7AE8930089FD02 /* AdminViewModel.swift */,
				DAF9F8 /* IndicatorTrendViewModel.swift */,
			);
			path = ViewModels;
			sourceTree = "<group>";
		};
		E10022 /* Repositories */ = {
			isa = PBXGroup;
			children = (
				B10032 /* HealthDataRepository.swift */,
			);
			path = Repositories;
			sourceTree = "<group>";
		};
		E10030 /* Components */ = {
			isa = PBXGroup;
			children = (
				B10050 /* EmptyStateView.swift */,
				B10051 /* ErrorStateView.swift */,
				B10052 /* SplashView.swift */,
				B10054 /* CachedAsyncImage.swift */,
			);
			path = Components;
			sourceTree = "<group>";
		};
		E10031 /* Shared */ = {
			isa = PBXGroup;
			children = (
				B10060 /* CSVTableView.swift */,
				B10061 /* DocumentTagView.swift */,
				B10062 /* MetricItemView.swift */,
				B10074 /* MarkdownTextView.swift */,
			);
			path = Shared;
			sourceTree = "<group>";
		};
		E10098 /* Preview Content */ = {
			isa = PBXGroup;
			children = (
				B10020 /* Preview Assets.xcassets */,
			);
			path = "Preview Content";
			sourceTree = "<group>";
		};
		E10099 /* Products */ = {
			isa = PBXGroup;
			children = (
				C10001 /* Xjie.app */,
				C20001 /* XjieTests.xctest */,
			);
			name = Products;
			sourceTree = "<group>";
		};
		E20001 /* XjieTests */ = {
			isa = PBXGroup;
			children = (
				B20001 /* MockAPIService.swift */,
				B20002 /* UtilsTests.swift */,
				B20003 /* ChatMessageTests.swift */,
				B20004 /* HomeViewModelTests.swift */,
				B20005 /* LoginViewModelTests.swift */,
				B20006 /* ChatViewModelTests.swift */,
				B20007 /* GlucoseViewModelTests.swift */,
			);
			path = XjieTests;
			sourceTree = "<group>";
		};
/* End PBXGroup section */

/* Begin PBXNativeTarget section */
		F10001 /* Xjie */ = {
			isa = PBXNativeTarget;
			buildConfigurationList = G10003 /* Build configuration list for PBXNativeTarget "Xjie" */;
			buildPhases = (
				F10002 /* Sources */,
				D10001 /* Frameworks */,
				F10003 /* Resources */,
			);
			buildRules = (
			);
			dependencies = (
			);
			name = Xjie;
			productName = Xjie;
			productReference = C10001 /* Xjie.app */;
			productType = "com.apple.product-type.application";
		};
		F20001 /* XjieTests */ = {
			isa = PBXNativeTarget;
			buildConfigurationList = G20003 /* Build configuration list for PBXNativeTarget "XjieTests" */;
			buildPhases = (
				F20002 /* Sources */,
				D20001 /* Frameworks */,
			);
			buildRules = (
			);
			dependencies = (
				K10001 /* PBXTargetDependency */,
			);
			name = XjieTests;
			productName = XjieTests;
			productReference = C20001 /* XjieTests.xctest */;
			productType = "com.apple.product-type.bundle.unit-test";
		};
/* End PBXNativeTarget section */

/* Begin PBXProject section */
		H10001 /* Project object */ = {
			isa = PBXProject;
			attributes = {
				BuildIndependentTargetsInParallel = 1;
				LastSwiftUpdateCheck = 1540;
				LastUpgradeCheck = 1540;
				TargetAttributes = {
					F10001 = {
						CreatedOnToolsVersion = 15.4;
					};
					F20001 = {
						CreatedOnToolsVersion = 15.4;
						TestTargetID = F10001;
					};
				};
			};
			buildConfigurationList = G10001 /* Build configuration list for PBXProject "Xjie" */;
			compatibilityVersion = "Xcode 14.0";
			developmentRegion = "zh-Hans";
			hasScannedForEncodings = 0;
			knownRegions = (
				en,
				"zh-Hans",
				Base,
			);
			mainGroup = E10001;
			productRefGroup = E10099 /* Products */;
			projectDirPath = "";
			projectRoot = "";
			targets = (
				F10001 /* Xjie */,
				F20001 /* XjieTests */,
			);
		};
/* End PBXProject section */

/* Begin PBXResourcesBuildPhase section */
		F10003 /* Resources */ = {
			isa = PBXResourcesBuildPhase;
			buildActionMask = 2147483647;
			files = (
				A10019 /* Assets.xcassets in Resources */,
				A10020 /* Preview Assets.xcassets in Resources */,
				A10063 /* PrivacyInfo.xcprivacy in Resources */,
				A10064 /* Localizable.strings in Resources */,
			);
			runOnlyForDeploymentPostprocessing = 0;
		};
/* End PBXResourcesBuildPhase section */

/* Begin PBXSourcesBuildPhase section */
		F10002 /* Sources */ = {
			isa = PBXSourcesBuildPhase;
			buildActionMask = 2147483647;
			files = (
				EA1C1A /* IndicatorTrendViewModel.swift in Sources */,
				E10B39 /* IndicatorTrendView.swift in Sources */,
				A10001 /* XjieApp.swift in Sources */,
				A10002 /* AuthManager.swift in Sources */,
				A10003 /* APIService.swift in Sources */,
				A10004 /* Models.swift in Sources */,
				A10005 /* Theme.swift in Sources */,
				A10006 /* Utils.swift in Sources */,
				A10007 /* MainTabView.swift in Sources */,
				A10008 /* HomeView.swift in Sources */,
				A10009 /* LoginView.swift in Sources */,
				A10010 /* GlucoseView.swift in Sources */,
				A10011 /* ChatView.swift in Sources */,
				A10012 /* HealthDataView.swift in Sources */,
				A10013 /* MedicalRecordViews.swift in Sources */,
				A10014 /* ExamReportViews.swift in Sources */,
				A10015 /* OmicsView.swift in Sources */,
				A10016 /* SettingsView.swift in Sources */,
				A10017 /* HealthView.swift in Sources */,
				A10018 /* MealsView.swift in Sources */,
				A10022 /* APIServiceProtocol.swift in Sources */,
				A10023 /* Environment.swift in Sources */,
				A10024 /* AuthModels.swift in Sources */,
				A10025 /* GlucoseModels.swift in Sources */,
				A10026 /* MealModels.swift in Sources */,
				A10027 /* HealthModels.swift in Sources */,
				A10028 /* ChatModels.swift in Sources */,
				A10029 /* SettingsModels.swift in Sources */,
				A10030 /* KeychainHelper.swift in Sources */,
				A10031 /* MIMETypeHelper.swift in Sources */,
				A10032 /* HealthDataRepository.swift in Sources */,
				A10033 /* HomeViewModel.swift in Sources */,
				A10034 /* LoginViewModel.swift in Sources */,
				21DB0F162F7AE8590089FD02 /* OmicsViewModel.swift in Sources */,
				A10035 /* GlucoseViewModel.swift in Sources */,
				A10036 /* ChatViewModel.swift in Sources */,
				A10037 /* HealthDataViewModel.swift in Sources */,
				A10038 /* MedicalRecordViewModels.swift in Sources */,
				A10039 /* ExamReportViewModels.swift in Sources */,
				A10040 /* SettingsViewModel.swift in Sources */,
				A10041 /* HealthBriefViewModel.swift in Sources */,
				A10042 /* MealsViewModel.swift in Sources */,
				A10050 /* EmptyStateView.swift in Sources */,
				A10051 /* ErrorStateView.swift in Sources */,
				A10052 /* SplashView.swift in Sources */,
				A10053 /* ImageCacheManager.swift in Sources */,
				A10054 /* CachedAsyncImage.swift in Sources */,
				A10055 /* NetworkMonitor.swift in Sources */,
				A10056 /* OfflineCacheManager.swift in Sources */,
				A10057 /* AppLogger.swift in Sources */,
				21DB0F182F7AE8930089FD02 /* AdminViewModel.swift in Sources */,
				A10058 /* CrashReporter.swift in Sources */,
				A10059 /* Constants.swift in Sources */,
				A10060 /* CSVTableView.swift in Sources */,
				A10061 /* DocumentTagView.swift in Sources */,
				A10062 /* MetricItemView.swift in Sources */,
				AF1F40F78195A1B7A92830D2 /* AdminView.swift in Sources */,
				A10070 /* PushNotificationManager.swift in Sources */,
				A10071 /* AppDelegate.swift in Sources */,
				A10072 /* FeatureFlagModels.swift in Sources */,
				A10073 /* FeatureFlagService.swift in Sources */,
				A10074 /* MarkdownTextView.swift in Sources */,
			);
			runOnlyForDeploymentPostprocessing = 0;
		};
		F20002 /* Sources */ = {
			isa = PBXSourcesBuildPhase;
			buildActionMask = 2147483647;
			files = (
				A20001 /* MockAPIService.swift in Sources */,
				A20002 /* UtilsTests.swift in Sources */,
				A20003 /* ChatMessageTests.swift in Sources */,
				A20004 /* HomeViewModelTests.swift in Sources */,
				A20005 /* LoginViewModelTests.swift in Sources */,
				A20006 /* ChatViewModelTests.swift in Sources */,
				A20007 /* GlucoseViewModelTests.swift in Sources */,
				1E7D4C19AB516866328F9703 /* OmicsViewModel.swift in Sources */,
				7A6A43569680FCEDA15B8D21 /* AdminViewModel.swift in Sources */,
				2BAF4CD39AEBF59145C3B727 /* AdminView.swift in Sources */,
			);
			runOnlyForDeploymentPostprocessing = 0;
		};
/* End PBXSourcesBuildPhase section */

/* Begin PBXTargetDependency section */
		K10001 /* PBXTargetDependency */ = {
			isa = PBXTargetDependency;
			target = F10001 /* Xjie */;
			targetProxy = J10001 /* PBXContainerItemProxy */;
		};
/* End PBXTargetDependency section */

/* Begin PBXVariantGroup section */
		E10040 /* Localizable.strings */ = {
			isa = PBXVariantGroup;
			children = (
				B10064 /* en */,
				B10065 /* zh-Hans */,
			);
			name = Localizable.strings;
			sourceTree = "<group>";
		};
/* End PBXVariantGroup section */

/* Begin XCBuildConfiguration section */
		G10002 /* Debug */ = {
			isa = XCBuildConfiguration;
			buildSettings = {
				ALWAYS_SEARCH_USER_PATHS = NO;
				ASSETCATALOG_COMPILER_GENERATE_SWIFT_ASSET_SYMBOL_EXTENSIONS = YES;
				CLANG_ANALYZER_NONNULL = YES;
				CLANG_ANALYZER_NUMBER_OBJECT_CONVERSION = YES_AGGRESSIVE;
				CLANG_CXX_LANGUAGE_STANDARD = "gnu++20";
				CLANG_ENABLE_MODULES = YES;
				CLANG_ENABLE_OBJC_ARC = YES;
				CLANG_ENABLE_OBJC_WEAK = YES;
				CLANG_WARN_BLOCK_CAPTURE_AUTORELEASING = YES;
				CLANG_WARN_BOOL_CONVERSION = YES;
				CLANG_WARN_COMMA = YES;
				CLANG_WARN_CONSTANT_CONVERSION = YES;
				CLANG_WARN_DEPRECATED_OBJC_IMPLEMENTATIONS = YES;
				CLANG_WARN_DIRECT_OBJC_ISA_USAGE = YES_ERROR;
				CLANG_WARN_DOCUMENTATION_COMMENTS = YES;
				CLANG_WARN_EMPTY_BODY = YES;
				CLANG_WARN_ENUM_CONVERSION = YES;
				CLANG_WARN_INFINITE_RECURSION = YES;
				CLANG_WARN_INT_CONVERSION = YES;
				CLANG_WARN_NON_LITERAL_NULL_CONVERSION = YES;
				CLANG_WARN_OBJC_IMPLICIT_RETAIN_SELF = YES;
				CLANG_WARN_OBJC_LITERAL_CONVERSION = YES;
				CLANG_WARN_OBJC_ROOT_CLASS = YES_ERROR;
				CLANG_WARN_QUOTED_INCLUDE_IN_FRAMEWORK_HEADER = YES;
				CLANG_WARN_RANGE_LOOP_ANALYSIS = YES;
				CLANG_WARN_STRICT_PROTOTYPES = YES;
				CLANG_WARN_SUSPICIOUS_MOVE = YES;
				CLANG_WARN_UNGUARDED_AVAILABILITY = YES_AGGRESSIVE;
				CLANG_WARN_UNREACHABLE_CODE = YES;
				CLANG_WARN__DUPLICATE_METHOD_MATCH = YES;
				COPY_PHASE_STRIP = NO;
				DEBUG_INFORMATION_FORMAT = dwarf;
				ENABLE_STRICT_OBJC_MSGSEND = YES;
				ENABLE_TESTABILITY = YES;
				ENABLE_USER_SCRIPT_SANDBOXING = YES;
				GCC_C_LANGUAGE_STANDARD = gnu17;
				GCC_DYNAMIC_NO_PIC = NO;
				GCC_NO_COMMON_BLOCKS = YES;
				GCC_OPTIMIZATION_LEVEL = 0;
				GCC_PREPROCESSOR_DEFINITIONS = (
					"DEBUG=1",
					"$(inherited)",
				);
				GCC_WARN_64_TO_32_BIT_CONVERSION = YES;
				GCC_WARN_ABOUT_RETURN_TYPE = YES_ERROR;
				GCC_WARN_UNDECLARED_SELECTOR = YES;
				GCC_WARN_UNINITIALIZED_AUTOS = YES_AGGRESSIVE;
				GCC_WARN_UNUSED_FUNCTION = YES;
				GCC_WARN_UNUSED_VARIABLE = YES;
				IPHONEOS_DEPLOYMENT_TARGET = 17.0;
				LOCALIZATION_PREFERS_STRING_CATALOGS = YES;
				MTL_ENABLE_DEBUG_INFO = INCLUDE_SOURCE;
				MTL_FAST_MATH = YES;
				ONLY_ACTIVE_ARCH = YES;
				SDKROOT = iphoneos;
				SWIFT_ACTIVE_COMPILATION_CONDITIONS = "DEBUG $(inherited)";
				SWIFT_OPTIMIZATION_LEVEL = "-Onone";
			};
			name = Debug;
		};
		G10004 /* Release */ = {
			isa = XCBuildConfiguration;
			buildSettings = {
				ALWAYS_SEARCH_USER_PATHS = NO;
				ASSETCATALOG_COMPILER_GENERATE_SWIFT_ASSET_SYMBOL_EXTENSIONS = YES;
				CLANG_ANALYZER_NONNULL = YES;
				CLANG_ANALYZER_NUMBER_OBJECT_CONVERSION = YES_AGGRESSIVE;
				CLANG_CXX_LANGUAGE_STANDARD = "gnu++20";
				CLANG_ENABLE_MODULES = YES;
				CLANG_ENABLE_OBJC_ARC = YES;
				CLANG_ENABLE_OBJC_WEAK = YES;
				CLANG_WARN_BLOCK_CAPTURE_AUTORELEASING = YES;
				CLANG_WARN_BOOL_CONVERSION = YES;
				CLANG_WARN_COMMA = YES;
				CLANG_WARN_CONSTANT_CONVERSION = YES;
				CLANG_WARN_DEPRECATED_OBJC_IMPLEMENTATIONS = YES;
				CLANG_WARN_DIRECT_OBJC_ISA_USAGE = YES_ERROR;
				CLANG_WARN_DOCUMENTATION_COMMENTS = YES;
				CLANG_WARN_EMPTY_BODY = YES;
				CLANG_WARN_ENUM_CONVERSION = YES;
				CLANG_WARN_INFINITE_RECURSION = YES;
				CLANG_WARN_INT_CONVERSION = YES;
				CLANG_WARN_NON_LITERAL_NULL_CONVERSION = YES;
				CLANG_WARN_OBJC_IMPLICIT_RETAIN_SELF = YES;
				CLANG_WARN_OBJC_LITERAL_CONVERSION = YES;
				CLANG_WARN_OBJC_ROOT_CLASS = YES_ERROR;
				CLANG_WARN_QUOTED_INCLUDE_IN_FRAMEWORK_HEADER = YES;
				CLANG_WARN_RANGE_LOOP_ANALYSIS = YES;
				CLANG_WARN_STRICT_PROTOTYPES = YES;
				CLANG_WARN_SUSPICIOUS_MOVE = YES;
				CLANG_WARN_UNGUARDED_AVAILABILITY = YES_AGGRESSIVE;
				CLANG_WARN_UNREACHABLE_CODE = YES;
				CLANG_WARN__DUPLICATE_METHOD_MATCH = YES;
				COPY_PHASE_STRIP = NO;
				DEBUG_INFORMATION_FORMAT = "dwarf-with-dsym";
				ENABLE_NS_ASSERTIONS = NO;
				ENABLE_STRICT_OBJC_MSGSEND = YES;
				ENABLE_USER_SCRIPT_SANDBOXING = YES;
				GCC_C_LANGUAGE_STANDARD = gnu17;
				GCC_NO_COMMON_BLOCKS = YES;
				GCC_WARN_64_TO_32_BIT_CONVERSION = YES;
				GCC_WARN_ABOUT_RETURN_TYPE = YES_ERROR;
				GCC_WARN_UNDECLARED_SELECTOR = YES;
				GCC_WARN_UNINITIALIZED_AUTOS = YES_AGGRESSIVE;
				GCC_WARN_UNUSED_FUNCTION = YES;
				GCC_WARN_UNUSED_VARIABLE = YES;
				IPHONEOS_DEPLOYMENT_TARGET = 17.0;
				LOCALIZATION_PREFERS_STRING_CATALOGS = YES;
				MTL_ENABLE_DEBUG_INFO = NO;
				MTL_FAST_MATH = YES;
				SDKROOT = iphoneos;
				SWIFT_COMPILATION_MODE = wholemodule;
				VALIDATE_PRODUCT = YES;
			};
			name = Release;
		};
		G10005 /* Debug */ = {
			isa = XCBuildConfiguration;
			buildSettings = {
				ASSETCATALOG_COMPILER_APPICON_NAME = AppIcon;
				ASSETCATALOG_COMPILER_GLOBAL_ACCENT_COLOR_NAME = AccentColor;
				CODE_SIGN_STYLE = Automatic;
				CURRENT_PROJECT_VERSION = 1;
				DEVELOPMENT_ASSET_PATHS = "\"Xjie/Preview Content\"";
				DEVELOPMENT_TEAM = 52BRF299Y7;
				ENABLE_PREVIEWS = YES;
				GENERATE_INFOPLIST_FILE = YES;
				INFOPLIST_FILE = Xjie/Info.plist;
				INFOPLIST_KEY_NSCameraUsageDescription = "需要相机权限来拍照记录膳食";
				INFOPLIST_KEY_NSPhotoLibraryUsageDescription = "需要相册权限来选择照片";
				INFOPLIST_KEY_UIApplicationSceneManifest_Generation = YES;
				INFOPLIST_KEY_UIApplicationSupportsIndirectInputEvents = YES;
				INFOPLIST_KEY_UILaunchScreen_Generation = YES;
				INFOPLIST_KEY_UISupportedInterfaceOrientations_iPad = "UIInterfaceOrientationPortrait UIInterfaceOrientationPortraitUpsideDown UIInterfaceOrientationLandscapeLeft UIInterfaceOrientationLandscapeRight";
				INFOPLIST_KEY_UISupportedInterfaceOrientations_iPhone = "UIInterfaceOrientationPortrait UIInterfaceOrientationLandscapeLeft UIInterfaceOrientationLandscapeRight";
				LD_RUNPATH_SEARCH_PATHS = (
					"$(inherited)",
					"@executable_path/Frameworks",
				);
				LIBRARY_SEARCH_PATHS = (
					"$(SRCROOT)/Xjie/ViewModels",
					"$(SRCROOT)/Xjie/Views/Admin",
				);
				MARKETING_VERSION = 1.0;
				PRODUCT_BUNDLE_IDENTIFIER = com.xjie.app;
				PRODUCT_NAME = "$(TARGET_NAME)";
				SWIFT_EMIT_LOC_STRINGS = YES;
				SWIFT_VERSION = 5.0;
				TARGETED_DEVICE_FAMILY = "1,2";
			};
			name = Debug;
		};
		G10006 /* Release */ = {
			isa = XCBuildConfiguration;
			buildSettings = {
				ASSETCATALOG_COMPILER_APPICON_NAME = AppIcon;
				ASSETCATALOG_COMPILER_GLOBAL_ACCENT_COLOR_NAME = AccentColor;
				CODE_SIGN_STYLE = Automatic;
				CURRENT_PROJECT_VERSION = 1;
				DEVELOPMENT_ASSET_PATHS = "\"Xjie/Preview Content\"";
				DEVELOPMENT_TEAM = 52BRF299Y7;
				ENABLE_PREVIEWS = YES;
				GENERATE_INFOPLIST_FILE = YES;
				INFOPLIST_FILE = Xjie/Info.plist;
				INFOPLIST_KEY_NSCameraUsageDescription = "需要相机权限来拍照记录膳食";
				INFOPLIST_KEY_NSPhotoLibraryUsageDescription = "需要相册权限来选择照片";
				INFOPLIST_KEY_UIApplicationSceneManifest_Generation = YES;
				INFOPLIST_KEY_UIApplicationSupportsIndirectInputEvents = YES;
				INFOPLIST_KEY_UILaunchScreen_Generation = YES;
				INFOPLIST_KEY_UISupportedInterfaceOrientations_iPad = "UIInterfaceOrientationPortrait UIInterfaceOrientationPortraitUpsideDown UIInterfaceOrientationLandscapeLeft UIInterfaceOrientationLandscapeRight";
				INFOPLIST_KEY_UISupportedInterfaceOrientations_iPhone = "UIInterfaceOrientationPortrait UIInterfaceOrientationLandscapeLeft UIInterfaceOrientationLandscapeRight";
				LD_RUNPATH_SEARCH_PATHS = (
					"$(inherited)",
					"@executable_path/Frameworks",
				);
				LIBRARY_SEARCH_PATHS = (
					"$(SRCROOT)/Xjie/ViewModels",
					"$(SRCROOT)/Xjie/Views/Admin",
				);
				MARKETING_VERSION = 1.0;
				PRODUCT_BUNDLE_IDENTIFIER = com.xjie.app;
				PRODUCT_NAME = "$(TARGET_NAME)";
				SWIFT_EMIT_LOC_STRINGS = YES;
				SWIFT_VERSION = 5.0;
				TARGETED_DEVICE_FAMILY = "1,2";
			};
			name = Release;
		};
		G20005 /* Debug */ = {
			isa = XCBuildConfiguration;
			buildSettings = {
				BUNDLE_LOADER = "$(TEST_HOST)";
				CODE_SIGN_STYLE = Automatic;
				CURRENT_PROJECT_VERSION = 1;
				DEVELOPMENT_TEAM = 52BRF299Y7;
				GENERATE_INFOPLIST_FILE = YES;
				IPHONEOS_DEPLOYMENT_TARGET = 17.0;
				LIBRARY_SEARCH_PATHS = (
					"$(SRCROOT)/Xjie/ViewModels",
					"$(SRCROOT)/Xjie/Views/Admin",
				);
				MARKETING_VERSION = 1.0;
				PRODUCT_BUNDLE_IDENTIFIER = com.xjie.app.tests;
				PRODUCT_NAME = "$(TARGET_NAME)";
				SWIFT_EMIT_LOC_STRINGS = NO;
				SWIFT_VERSION = 5.0;
				TARGETED_DEVICE_FAMILY = "1,2";
				TEST_HOST = "$(BUILT_PRODUCTS_DIR)/Xjie.app/$(BUNDLE_EXECUTABLE_FOLDER_PATH)/Xjie";
			};
			name = Debug;
		};
		G20006 /* Release */ = {
			isa = XCBuildConfiguration;
			buildSettings = {
				BUNDLE_LOADER = "$(TEST_HOST)";
				CODE_SIGN_STYLE = Automatic;
				CURRENT_PROJECT_VERSION = 1;
				DEVELOPMENT_TEAM = 52BRF299Y7;
				GENERATE_INFOPLIST_FILE = YES;
				IPHONEOS_DEPLOYMENT_TARGET = 17.0;
				LIBRARY_SEARCH_PATHS = (
					"$(SRCROOT)/Xjie/ViewModels",
					"$(SRCROOT)/Xjie/Views/Admin",
				);
				MARKETING_VERSION = 1.0;
				PRODUCT_BUNDLE_IDENTIFIER = com.xjie.app.tests;
				PRODUCT_NAME = "$(TARGET_NAME)";
				SWIFT_EMIT_LOC_STRINGS = NO;
				SWIFT_VERSION = 5.0;
				TARGETED_DEVICE_FAMILY = "1,2";
				TEST_HOST = "$(BUILT_PRODUCTS_DIR)/Xjie.app/$(BUNDLE_EXECUTABLE_FOLDER_PATH)/Xjie";
			};
			name = Release;
		};
/* End XCBuildConfiguration section */

/* Begin XCConfigurationList section */
		G10001 /* Build configuration list for PBXProject "Xjie" */ = {
			isa = XCConfigurationList;
			buildConfigurations = (
				G10002 /* Debug */,
				G10004 /* Release */,
			);
			defaultConfigurationIsVisible = 0;
			defaultConfigurationName = Release;
		};
		G10003 /* Build configuration list for PBXNativeTarget "Xjie" */ = {
			isa = XCConfigurationList;
			buildConfigurations = (
				G10005 /* Debug */,
				G10006 /* Release */,
			);
			defaultConfigurationIsVisible = 0;
			defaultConfigurationName = Release;
		};
		G20003 /* Build configuration list for PBXNativeTarget "XjieTests" */ = {
			isa = XCConfigurationList;
			buildConfigurations = (
				G20005 /* Debug */,
				G20006 /* Release */,
			);
			defaultConfigurationIsVisible = 0;
			defaultConfigurationName = Release;
		};
/* End XCConfigurationList section */
	};
	rootObject = H10001 /* Project object */;
}
